{"format_version":"1.0","provider_schemas":{"registry.terraform.io/ilijamt/awx":{"provider":{"version":0,"block":{"attributes":{"hostname":{"type":"string","description":"The AWX Host that we connect to. (defaults to TOWER_HOST/AWX_HOST env variable if set)","description_kind":"plain","optional":true},"password":{"type":"string","description":"The password to connect to the AWX host. (defaults to TOWER_PASSWORD/AWX_PASSWORD env variable if set) [must be used with username]","description_kind":"plain","optional":true,"sensitive":true},"token":{"type":"string","description":"The token to use to connect to the AWX host. (defaults to TOWER_AUTH_TOKEN/AWX_AUTH_TOKEN env variable if set) [conflicts with username/password]","description_kind":"plain","optional":true,"sensitive":true},"username":{"type":"string","description":"The username to connect to the AWX host. (defaults to TOWER_USERNAME/AWX_USERNAME env variable if set) [must be used with password]","description_kind":"plain","optional":true},"verify_ssl":{"type":"bool","description":"If you are using a self signed certificate this should be set to false (defaults to TOWER_VERIFY_SSL/VERIFY_SSL env variable if set) [default is true]","description_kind":"plain","optional":true}},"description_kind":"plain"}},"resource_schemas":{"awx_ad_hoc_command":{"version":0,"block":{"attributes":{"become_enabled":{"type":"bool","description":"Become enabled","description_kind":"plain","optional":true,"computed":true},"canceled_on":{"type":"string","description":"The date and time when the cancel request was sent.","description_kind":"plain","computed":true},"controller_node":{"type":"string","description":"The instance that managed the execution environment.","description_kind":"plain","computed":true},"credential":{"type":"number","description":"Credential","description_kind":"plain","optional":true,"computed":true},"diff_mode":{"type":"bool","description":"Diff mode","description_kind":"plain","optional":true,"computed":true},"elapsed":{"type":"number","description":"Elapsed time in seconds that the job ran.","description_kind":"plain","computed":true},"execution_environment":{"type":"number","description":"The container image to be used for execution.","description_kind":"plain","optional":true,"computed":true},"execution_node":{"type":"string","description":"The node the job executed on.","description_kind":"plain","computed":true},"extra_vars":{"type":"string","description":"Extra vars","description_kind":"plain","optional":true,"computed":true},"failed":{"type":"bool","description_kind":"plain","computed":true},"finished":{"type":"string","description":"The date and time the job finished execution.","description_kind":"plain","computed":true},"forks":{"type":"number","description":"Forks","description_kind":"plain","optional":true,"computed":true},"id":{"type":"number","description":"Database ID for this ad hoc command.","description_kind":"plain","computed":true},"inventory":{"type":"number","description":"Inventory","description_kind":"plain","optional":true,"computed":true},"job_explanation":{"type":"string","description":"A status field to indicate the state of the job if it wasn't able to run and capture stdout","description_kind":"plain","computed":true},"job_type":{"type":"string","description":"Job type","description_kind":"plain","optional":true,"computed":true},"launch_type":{"type":"string","description_kind":"plain","computed":true},"launched_by":{"type":"number","description_kind":"plain","computed":true},"limit":{"type":"string","description":"Limit","description_kind":"plain","optional":true,"computed":true},"module_args":{"type":"string","description":"Module args","description_kind":"plain","optional":true,"computed":true},"module_name":{"type":"string","description":"Module name","description_kind":"plain","optional":true,"computed":true},"name":{"type":"string","description":"Name of this ad hoc command.","description_kind":"plain","computed":true},"started":{"type":"string","description":"The date and time the job was queued for starting.","description_kind":"plain","computed":true},"status":{"type":"string","description_kind":"plain","computed":true},"verbosity":{"type":"string","description":"Verbosity","description_kind":"plain","optional":true,"computed":true},"work_unit_id":{"type":"string","description":"The Receptor work unit ID associated with this job.","description_kind":"plain","computed":true}},"description_kind":"plain"}},"awx_application":{"version":0,"block":{"attributes":{"authorization_grant_type":{"type":"string","description":"The Grant type the user must use for acquire tokens for this application.","description_kind":"plain","required":true},"client_id":{"type":"string","description_kind":"plain","computed":true},"client_secret":{"type":"string","description":"Used for more stringent verification of access to an application when creating a token.","description_kind":"plain","computed":true,"sensitive":true},"client_type":{"type":"string","description":"Set to Public or Confidential depending on how secure the client device is.","description_kind":"plain","required":true},"description":{"type":"string","description":"Optional description of this application.","description_kind":"plain","optional":true,"computed":true},"id":{"type":"number","description":"Database ID for this application.","description_kind":"plain","computed":true},"name":{"type":"string","description":"Name of this application.","description_kind":"plain","required":true},"organization":{"type":"number","description":"Organization containing this application.","description_kind":"plain","required":true},"redirect_uris":{"type":"string","description":"Allowed URIs list, space separated","description_kind":"plain","optional":true,"computed":true},"skip_authorization":{"type":"bool","description":"Set True to skip authorization step for completely trusted applications.","description_kind":"plain","optional":true,"computed":true}},"description_kind":"plain"}},"awx_constructed_inventories":{"version":0,"block":{"attributes":{"description":{"type":"string","description":"Optional description of this inventory.","description_kind":"plain","optional":true,"computed":true},"has_active_failures":{"type":"bool","description":"Flag indicating whether any hosts in this inventory have failed.","description_kind":"plain","deprecated":true,"computed":true},"has_inventory_sources":{"type":"bool","description":"Flag indicating whether this inventory has any external inventory sources.","description_kind":"plain","deprecated":true,"computed":true},"hosts_with_active_failures":{"type":"number","description":"Number of hosts in this inventory with active failures.","description_kind":"plain","deprecated":true,"computed":true},"id":{"type":"number","description":"Database ID for this inventory.","description_kind":"plain","computed":true},"inventory_sources_with_failures":{"type":"number","description":"Number of external inventory sources in this inventory with failures.","description_kind":"plain","computed":true},"kind":{"type":"string","description":"Kind of inventory being represented.","description_kind":"plain","computed":true},"limit":{"type":"string","description":"The limit to restrict the returned hosts for the related auto-created inventory source, special to constructed inventory.","description_kind":"plain","optional":true,"computed":true},"name":{"type":"string","description":"Name of this inventory.","description_kind":"plain","required":true},"organization":{"type":"number","description":"Organization containing this inventory.","description_kind":"plain","required":true},"pending_deletion":{"type":"bool","description":"Flag indicating the inventory is being deleted.","description_kind":"plain","computed":true},"prevent_instance_group_fallback":{"type":"bool","description":"If enabled, the inventory will prevent adding any organization instance groups to the list of preferred instances groups to run associated job templates on.If this setting is enabled and you provided an empty list, the global instance groups will be applied.","description_kind":"plain","optional":true,"computed":true},"source_vars":{"type":"string","description":"The source_vars for the related auto-created inventory source, special to constructed inventory.","description_kind":"plain","optional":true,"computed":true},"total_groups":{"type":"number","description":"Total number of groups in this inventory.","description_kind":"plain","deprecated":true,"computed":true},"total_hosts":{"type":"number","description":"Total number of hosts in this inventory.","description_kind":"plain","deprecated":true,"computed":true},"total_inventory_sources":{"type":"number","description":"Total number of external inventory sources configured within this inventory.","description_kind":"plain","computed":true},"update_cache_timeout":{"type":"number","description":"The cache timeout for the related auto-created inventory source, special to constructed inventory","description_kind":"plain","optional":true,"computed":true},"variables":{"type":"string","description":"Inventory variables in JSON or YAML format.","description_kind":"plain","optional":true,"computed":true},"verbosity":{"type":"number","description":"The verbosity level for the related auto-created inventory source, special to constructed inventory","description_kind":"plain","optional":true,"computed":true}},"description_kind":"plain"}},"awx_credential":{"version":0,"block":{"attributes":{"cloud":{"type":"bool","description_kind":"plain","computed":true},"credential_type":{"type":"number","description":"Specify the type of credential you want to create. Refer to the documentation for details on each type.","description_kind":"plain","required":true},"description":{"type":"string","description":"Optional description of this credential.","description_kind":"plain","optional":true,"computed":true},"id":{"type":"number","description":"Database ID for this credential.","description_kind":"plain","computed":true},"inputs":{"type":"string","description":"Enter inputs using either JSON or YAML syntax. Refer to the documentation for example syntax.","description_kind":"plain","optional":true,"computed":true},"kind":{"type":"string","description_kind":"plain","computed":true},"kubernetes":{"type":"bool","description_kind":"plain","computed":true},"managed":{"type":"bool","description_kind":"plain","computed":true},"name":{"type":"string","description":"Name of this credential.","description_kind":"plain","required":true},"organization":{"type":"number","description":"Inherit permissions from organization roles. If provided on creation, do not give either user or team.","description_kind":"plain","optional":true,"computed":true},"team":{"type":"number","description":"Write-only field used to add team to owner role. If provided, do not give either user or organization. Only valid for creation.","description_kind":"plain","optional":true,"computed":true},"user":{"type":"number","description":"Write-only field used to add user to owner role. If provided, do not give either team or organization. Only valid for creation.","description_kind":"plain","optional":true,"computed":true}},"description_kind":"plain"}},"awx_credential_input_source":{"version":0,"block":{"attributes":{"description":{"type":"string","description":"Optional description of this credential input source.","description_kind":"plain","optional":true,"computed":true},"id":{"type":"number","description":"Database ID for this credential input source.","description_kind":"plain","computed":true},"input_field_name":{"type":"string","description":"Input field name","description_kind":"plain","required":true},"metadata":{"type":"string","description":"Metadata","description_kind":"plain","optional":true,"computed":true},"source_credential":{"type":"number","description":"Source credential","description_kind":"plain","required":true},"target_credential":{"type":"number","description":"Target credential","description_kind":"plain","required":true}},"description_kind":"plain"}},"awx_credential_type":{"version":0,"block":{"attributes":{"description":{"type":"string","description":"Optional description of this credential type.","description_kind":"plain","optional":true,"computed":true},"id":{"type":"number","description":"Database ID for this credential type.","description_kind":"plain","computed":true},"injectors":{"type":"string","description":"Enter injectors using either JSON or YAML syntax. Refer to the documentation for example syntax.","description_kind":"plain","optional":true,"computed":true},"inputs":{"type":"string","description":"Enter inputs using either JSON or YAML syntax. Refer to the documentation for example syntax.","description_kind":"plain","optional":true,"computed":true},"kind":{"type":"string","description":"The credential type","description_kind":"plain","required":true},"managed":{"type":"bool","description":"Is the resource managed","description_kind":"plain","computed":true},"name":{"type":"string","description":"Name of this credential type.","description_kind":"plain","required":true},"namespace":{"type":"string","description":"The namespace to which the resource belongs to","description_kind":"plain","computed":true}},"description_kind":"plain"}},"awx_execution_environment":{"version":0,"block":{"attributes":{"credential":{"type":"number","description":"Credential","description_kind":"plain","optional":true,"computed":true},"description":{"type":"string","description":"Optional description of this execution environment.","description_kind":"plain","optional":true,"computed":true},"id":{"type":"number","description":"Database ID for this execution environment.","description_kind":"plain","computed":true},"image":{"type":"string","description":"The full image location, including the container registry, image name, and version tag.","description_kind":"plain","required":true},"managed":{"type":"bool","description_kind":"plain","computed":true},"name":{"type":"string","description":"Name of this execution environment.","description_kind":"plain","required":true},"organization":{"type":"number","description":"The organization used to determine access to this execution environment.","description_kind":"plain","optional":true,"computed":true},"pull":{"type":"string","description":"Pull image before running?","description_kind":"plain","optional":true,"computed":true}},"description_kind":"plain"}},"awx_group":{"version":0,"block":{"attributes":{"description":{"type":"string","description":"Optional description of this group.","description_kind":"plain","optional":true,"computed":true},"id":{"type":"number","description":"Database ID for this group.","description_kind":"plain","computed":true},"inventory":{"type":"number","description":"Inventory","description_kind":"plain","required":true},"name":{"type":"string","description":"Name of this group.","description_kind":"plain","required":true},"variables":{"type":"string","description":"Group variables in JSON or YAML format.","description_kind":"plain","optional":true,"computed":true}},"description_kind":"plain"}},"awx_host":{"version":0,"block":{"attributes":{"description":{"type":"string","description":"Optional description of this host.","description_kind":"plain","optional":true,"computed":true},"enabled":{"type":"bool","description":"Is this host online and available for running jobs?","description_kind":"plain","optional":true,"computed":true},"id":{"type":"number","description":"Database ID for this host.","description_kind":"plain","computed":true},"instance_id":{"type":"string","description":"The value used by the remote inventory source to uniquely identify the host","description_kind":"plain","optional":true,"computed":true},"inventory":{"type":"number","description":"Inventory","description_kind":"plain","required":true},"last_job":{"type":"number","description_kind":"plain","computed":true},"last_job_host_summary":{"type":"number","description_kind":"plain","computed":true},"name":{"type":"string","description":"Name of this host.","description_kind":"plain","required":true},"variables":{"type":"string","description":"Host variables in JSON or YAML format.","description_kind":"plain","optional":true,"computed":true}},"description_kind":"plain"}},"awx_host_associate_group":{"version":0,"block":{"attributes":{"group_id":{"type":"number","description":"Database ID of the group to assign.","description_kind":"plain","required":true},"host_id":{"type":"number","description":"Database ID for this Host.","description_kind":"plain","required":true}},"description_kind":"plain","deprecated":true}},"awx_instance_group":{"version":0,"block":{"attributes":{"capacity":{"type":"number","description_kind":"plain","computed":true},"consumed_capacity":{"type":"number","description_kind":"plain","computed":true},"credential":{"type":"number","description":"Credential","description_kind":"plain","optional":true,"computed":true},"id":{"type":"number","description":"Database ID for this instance group.","description_kind":"plain","computed":true},"instances":{"type":"number","description_kind":"plain","computed":true},"is_container_group":{"type":"bool","description":"Indicates whether instances in this group are containerized.Containerized groups have a designated Openshift or Kubernetes cluster.","description_kind":"plain","optional":true,"computed":true},"jobs_running":{"type":"number","description_kind":"plain","computed":true},"jobs_total":{"type":"number","description":"Count of all jobs that target this instance group","description_kind":"plain","computed":true},"max_concurrent_jobs":{"type":"number","description":"Maximum number of concurrent jobs to run on a group. When set to zero, no maximum is enforced.","description_kind":"plain","optional":true,"computed":true},"max_forks":{"type":"number","description":"Maximum number of forks to execute concurrently on a group. When set to zero, no maximum is enforced.","description_kind":"plain","optional":true,"computed":true},"name":{"type":"string","description":"Name of this instance group.","description_kind":"plain","required":true},"percent_capacity_remaining":{"type":"number","description_kind":"plain","computed":true},"pod_spec_override":{"type":"string","description":"Pod spec override","description_kind":"plain","optional":true,"computed":true},"policy_instance_list":{"type":"string","description":"List of exact-match Instances that will be assigned to this group","description_kind":"plain","optional":true,"computed":true},"policy_instance_minimum":{"type":"number","description":"Static minimum number of Instances that will be automatically assign to this group when new instances come online.","description_kind":"plain","optional":true,"computed":true},"policy_instance_percentage":{"type":"number","description":"Minimum percentage of all instances that will be automatically assigned to this group when new instances come online.","description_kind":"plain","optional":true,"computed":true}},"description_kind":"plain"}},"awx_inventory":{"version":0,"block":{"attributes":{"description":{"type":"string","description":"Optional description of this inventory.","description_kind":"plain","optional":true,"computed":true},"has_active_failures":{"type":"bool","description":"Flag indicating whether any hosts in this inventory have failed.","description_kind":"plain","deprecated":true,"computed":true},"has_inventory_sources":{"type":"bool","description":"Flag indicating whether this inventory has any external inventory sources.","description_kind":"plain","deprecated":true,"computed":true},"host_filter":{"type":"string","description":"Filter that will be applied to the hosts of this inventory.","description_kind":"plain","optional":true,"computed":true},"hosts_with_active_failures":{"type":"number","description":"Number of hosts in this inventory with active failures.","description_kind":"plain","deprecated":true,"computed":true},"id":{"type":"number","description":"Database ID for this inventory.","description_kind":"plain","computed":true},"inventory_sources_with_failures":{"type":"number","description":"Number of external inventory sources in this inventory with failures.","description_kind":"plain","computed":true},"kind":{"type":"string","description":"Kind of inventory being represented.","description_kind":"plain","optional":true,"computed":true},"name":{"type":"string","description":"Name of this inventory.","description_kind":"plain","required":true},"organization":{"type":"number","description":"Organization containing this inventory.","description_kind":"plain","required":true},"pending_deletion":{"type":"bool","description":"Flag indicating the inventory is being deleted.","description_kind":"plain","computed":true},"prevent_instance_group_fallback":{"type":"bool","description":"If enabled, the inventory will prevent adding any organization instance groups to the list of preferred instances groups to run associated job templates on.If this setting is enabled and you provided an empty list, the global instance groups will be applied.","description_kind":"plain","optional":true,"computed":true},"total_groups":{"type":"number","description":"Total number of groups in this inventory.","description_kind":"plain","deprecated":true,"computed":true},"total_hosts":{"type":"number","description":"Total number of hosts in this inventory.","description_kind":"plain","deprecated":true,"computed":true},"total_inventory_sources":{"type":"number","description":"Total number of external inventory sources configured within this inventory.","description_kind":"plain","computed":true},"variables":{"type":"string","description":"Inventory variables in JSON format","description_kind":"plain","optional":true,"computed":true}},"description_kind":"plain"}},"awx_inventory_source":{"version":0,"block":{"attributes":{"credential":{"type":"number","description":"Cloud credential to use for inventory updates.","description_kind":"plain","optional":true,"computed":true},"description":{"type":"string","description":"Optional description of this inventory source.","description_kind":"plain","optional":true,"computed":true},"enabled_value":{"type":"string","description":"Only used when enabled_var is set. Value when the host is considered enabled. For example if enabled_var=\"status.power_state\"and enabled_value=\"powered_on\" with host variables:{   \"status\": {     \"power_state\": \"powered_on\",     \"created\": \"2020-08-04T18:13:04+00:00\",     \"healthy\": true    },    \"name\": \"foobar\",    \"ip_address\": \"192.168.2.1\"}The host would be marked enabled. If power_state where any value other than powered_on then the host would be disabled when imported. If the key is not found then the host will be enabled","description_kind":"plain","optional":true,"computed":true},"enabled_var":{"type":"string","description":"Retrieve the enabled state from the given dict of host variables. The enabled variable may be specified as \"foo.bar\", in which case the lookup will traverse into nested dicts, equivalent to: from_dict.get(\"foo\", {}).get(\"bar\", default)","description_kind":"plain","optional":true,"computed":true},"execution_environment":{"type":"number","description":"The container image to be used for execution.","description_kind":"plain","optional":true,"computed":true},"host_filter":{"type":"string","description":"Regex where only matching hosts will be imported.","description_kind":"plain","deprecated":true,"optional":true,"computed":true},"id":{"type":"number","description":"Database ID for this inventory source.","description_kind":"plain","computed":true},"inventory":{"type":"number","description":"Inventory","description_kind":"plain","required":true},"limit":{"type":"string","description":"Enter host, group or pattern match","description_kind":"plain","optional":true,"computed":true},"name":{"type":"string","description":"Name of this inventory source.","description_kind":"plain","required":true},"overwrite":{"type":"bool","description":"Overwrite local groups and hosts from remote inventory source.","description_kind":"plain","optional":true,"computed":true},"overwrite_vars":{"type":"bool","description":"Overwrite local variables from remote inventory source.","description_kind":"plain","optional":true,"computed":true},"scm_branch":{"type":"string","description":"Inventory source SCM branch. Project default used if blank. Only allowed if project allow_override field is set to true.","description_kind":"plain","optional":true,"computed":true},"source":{"type":"string","description":"Source","description_kind":"plain","optional":true,"computed":true},"source_path":{"type":"string","description":"Source path","description_kind":"plain","optional":true,"computed":true},"source_project":{"type":"number","description":"Project containing inventory file used as source.","description_kind":"plain","optional":true,"computed":true},"source_vars":{"type":"string","description":"Inventory source variables in YAML or JSON format.","description_kind":"plain","optional":true,"computed":true},"timeout":{"type":"number","description":"The amount of time (in seconds) to run before the task is canceled.","description_kind":"plain","optional":true,"computed":true},"update_cache_timeout":{"type":"number","description":"Update cache timeout","description_kind":"plain","optional":true,"computed":true},"update_on_launch":{"type":"bool","description":"Update on launch","description_kind":"plain","optional":true,"computed":true},"verbosity":{"type":"string","description":"Verbosity","description_kind":"plain","optional":true,"computed":true}},"description_kind":"plain"}},"awx_job_template":{"version":0,"block":{"attributes":{"allow_simultaneous":{"type":"bool","description":"Allow simultaneous","description_kind":"plain","optional":true,"computed":true},"ask_credential_on_launch":{"type":"bool","description":"Ask credential on launch","description_kind":"plain","optional":true,"computed":true},"ask_diff_mode_on_launch":{"type":"bool","description":"Ask diff mode on launch","description_kind":"plain","optional":true,"computed":true},"ask_execution_environment_on_launch":{"type":"bool","description":"Ask execution environment on launch","description_kind":"plain","optional":true,"computed":true},"ask_forks_on_launch":{"type":"bool","description":"Ask forks on launch","description_kind":"plain","optional":true,"computed":true},"ask_instance_groups_on_launch":{"type":"bool","description":"Ask instance groups on launch","description_kind":"plain","optional":true,"computed":true},"ask_inventory_on_launch":{"type":"bool","description":"Ask inventory on launch","description_kind":"plain","optional":true,"computed":true},"ask_job_slice_count_on_launch":{"type":"bool","description":"Ask job slice count on launch","description_kind":"plain","optional":true,"computed":true},"ask_job_type_on_launch":{"type":"bool","description":"Ask job type on launch","description_kind":"plain","optional":true,"computed":true},"ask_labels_on_launch":{"type":"bool","description":"Ask labels on launch","description_kind":"plain","optional":true,"computed":true},"ask_limit_on_launch":{"type":"bool","description":"Ask limit on launch","description_kind":"plain","optional":true,"computed":true},"ask_scm_branch_on_launch":{"type":"bool","description":"Ask scm branch on launch","description_kind":"plain","optional":true,"computed":true},"ask_skip_tags_on_launch":{"type":"bool","description":"Ask skip tags on launch","description_kind":"plain","optional":true,"computed":true},"ask_tags_on_launch":{"type":"bool","description":"Ask tags on launch","description_kind":"plain","optional":true,"computed":true},"ask_timeout_on_launch":{"type":"bool","description":"Ask timeout on launch","description_kind":"plain","optional":true,"computed":true},"ask_variables_on_launch":{"type":"bool","description":"Ask variables on launch","description_kind":"plain","optional":true,"computed":true},"ask_verbosity_on_launch":{"type":"bool","description":"Ask verbosity on launch","description_kind":"plain","optional":true,"computed":true},"become_enabled":{"type":"bool","description":"Become enabled","description_kind":"plain","optional":true,"computed":true},"description":{"type":"string","description":"Optional description of this job template.","description_kind":"plain","optional":true,"computed":true},"diff_mode":{"type":"bool","description":"If enabled, textual changes made to any templated files on the host are shown in the standard output","description_kind":"plain","optional":true,"computed":true},"execution_environment":{"type":"number","description":"The container image to be used for execution.","description_kind":"plain","optional":true,"computed":true},"extra_vars":{"type":"string","description":"Extra vars","description_kind":"plain","optional":true,"computed":true},"force_handlers":{"type":"bool","description":"Force handlers","description_kind":"plain","optional":true,"computed":true},"forks":{"type":"number","description":"Forks","description_kind":"plain","optional":true,"computed":true},"host_config_key":{"type":"string","description":"Host config key","description_kind":"plain","optional":true,"computed":true},"id":{"type":"number","description":"Database ID for this job template.","description_kind":"plain","computed":true},"inventory":{"type":"number","description":"Inventory","description_kind":"plain","optional":true,"computed":true},"job_slice_count":{"type":"number","description":"The number of jobs to slice into at runtime. Will cause the Job Template to launch a workflow if value is greater than 1.","description_kind":"plain","optional":true,"computed":true},"job_tags":{"type":"string","description":"Job tags","description_kind":"plain","optional":true,"computed":true},"job_type":{"type":"string","description":"Job type","description_kind":"plain","optional":true,"computed":true},"limit":{"type":"string","description":"Limit","description_kind":"plain","optional":true,"computed":true},"name":{"type":"string","description":"Name of this job template.","description_kind":"plain","required":true},"organization":{"type":"number","description":"The organization used to determine access to this template.","description_kind":"plain","computed":true},"playbook":{"type":"string","description":"Playbook","description_kind":"plain","optional":true,"computed":true},"prevent_instance_group_fallback":{"type":"bool","description":"If enabled, the job template will prevent adding any inventory or organization instance groups to the list of preferred instances groups to run on.If this setting is enabled and you provided an empty list, the global instance groups will be applied.","description_kind":"plain","optional":true,"computed":true},"project":{"type":"number","description":"Project","description_kind":"plain","optional":true,"computed":true},"scm_branch":{"type":"string","description":"Branch to use in job run. Project default used if blank. Only allowed if project allow_override field is set to true.","description_kind":"plain","optional":true,"computed":true},"skip_tags":{"type":"string","description":"Skip tags","description_kind":"plain","optional":true,"computed":true},"start_at_task":{"type":"string","description":"Start at task","description_kind":"plain","optional":true,"computed":true},"survey_enabled":{"type":"bool","description":"Survey enabled","description_kind":"plain","optional":true,"computed":true},"timeout":{"type":"number","description":"The amount of time (in seconds) to run before the task is canceled.","description_kind":"plain","optional":true,"computed":true},"use_fact_cache":{"type":"bool","description":"If enabled, the service will act as an Ansible Fact Cache Plugin; persisting facts at the end of a playbook run to the database and caching facts for use by Ansible.","description_kind":"plain","optional":true,"computed":true},"verbosity":{"type":"string","description":"Verbosity","description_kind":"plain","optional":true,"computed":true},"webhook_credential":{"type":"number","description":"Personal Access Token for posting back the status to the service API","description_kind":"plain","optional":true,"computed":true},"webhook_service":{"type":"string","description":"Service that webhook requests will be accepted from","description_kind":"plain","optional":true,"computed":true}},"description_kind":"plain"}},"awx_job_template_associate_credential":{"version":0,"block":{"attributes":{"credential_id":{"type":"number","description":"Database ID of the credential to assign.","description_kind":"plain","required":true},"job_template_id":{"type":"number","description":"Database ID for this JobTemplate.","description_kind":"plain","required":true}},"description_kind":"plain","deprecated":true}},"awx_job_template_associate_instance_group":{"version":0,"block":{"attributes":{"instance_group_id":{"type":"number","description":"Database ID of the instancegroup to assign.","description_kind":"plain","required":true},"job_template_id":{"type":"number","description":"Database ID for this JobTemplate.","description_kind":"plain","required":true}},"description_kind":"plain","deprecated":true}},"awx_job_template_associate_notification_template":{"version":0,"block":{"attributes":{"job_template_id":{"type":"number","description":"Database ID for this JobTemplate.","description_kind":"plain","required":true},"notification_template_id":{"type":"number","description":"Database ID of the notificationtemplate to assign.","description_kind":"plain","required":true},"option":{"type":"string","description":"Notification Option","description_kind":"plain","required":true}},"description_kind":"plain","deprecated":true}},"awx_job_template_survey_spec":{"version":0,"block":{"attributes":{"job_template_id":{"type":"number","description":"Database ID for this JobTemplate.","description_kind":"plain","required":true},"spec":{"type":"string","description":"The survey spec for this JobTemplate.","description_kind":"plain","required":true}},"description_kind":"plain"}},"awx_label":{"version":0,"block":{"attributes":{"id":{"type":"number","description":"Database ID for this label.","description_kind":"plain","computed":true},"name":{"type":"string","description":"Name of this label.","description_kind":"plain","required":true},"organization":{"type":"number","description":"Organization this label belongs to.","description_kind":"plain","required":true}},"description_kind":"plain"}},"awx_notification_template":{"version":0,"block":{"attributes":{"description":{"type":"string","description":"Optional description of this notification template.","description_kind":"plain","optional":true,"computed":true},"id":{"type":"number","description":"Database ID for this notification template.","description_kind":"plain","computed":true},"messages":{"type":"string","description":"Optional custom messages for notification template.","description_kind":"plain","optional":true,"computed":true},"name":{"type":"string","description":"Name of this notification template.","description_kind":"plain","required":true},"notification_configuration":{"type":"string","description":"Notification configuration","description_kind":"plain","optional":true,"computed":true},"notification_type":{"type":"string","description":"Notification type","description_kind":"plain","required":true},"organization":{"type":"number","description":"Organization","description_kind":"plain","required":true}},"description_kind":"plain"}},"awx_organization":{"version":0,"block":{"attributes":{"default_environment":{"type":"number","description":"The default execution environment for jobs run by this organization.","description_kind":"plain","optional":true,"computed":true},"description":{"type":"string","description":"Optional description of this organization.","description_kind":"plain","optional":true,"computed":true},"id":{"type":"number","description":"Database ID for this organization.","description_kind":"plain","computed":true},"max_hosts":{"type":"number","description":"Maximum number of hosts allowed to be managed by this organization.","description_kind":"plain","optional":true,"computed":true},"name":{"type":"string","description":"Name of this organization.","description_kind":"plain","required":true}},"description_kind":"plain"}},"awx_organization_associate_galaxy_credential":{"version":0,"block":{"attributes":{"galaxy_credential_id":{"type":"number","description":"Database ID of the galaxycredential to assign.","description_kind":"plain","required":true},"organization_id":{"type":"number","description":"Database ID for this Organization.","description_kind":"plain","required":true}},"description_kind":"plain","deprecated":true}},"awx_organization_associate_instance_group":{"version":0,"block":{"attributes":{"instance_group_id":{"type":"number","description":"Database ID of the instancegroup to assign.","description_kind":"plain","required":true},"organization_id":{"type":"number","description":"Database ID for this Organization.","description_kind":"plain","required":true}},"description_kind":"plain","deprecated":true}},"awx_project":{"version":0,"block":{"attributes":{"allow_override":{"type":"bool","description":"Allow changing the SCM branch or revision in a job template that uses this project.","description_kind":"plain","optional":true,"computed":true},"credential":{"type":"number","description":"Credential","description_kind":"plain","optional":true,"computed":true},"default_environment":{"type":"number","description":"The default execution environment for jobs run using this project.","description_kind":"plain","optional":true,"computed":true},"description":{"type":"string","description":"Optional description of this project.","description_kind":"plain","optional":true,"computed":true},"id":{"type":"number","description":"Database ID for this project.","description_kind":"plain","computed":true},"local_path":{"type":"string","description":"Local path (relative to PROJECTS_ROOT) containing playbooks and related files for this project.","description_kind":"plain","optional":true,"computed":true},"name":{"type":"string","description":"Name of this project.","description_kind":"plain","required":true},"organization":{"type":"number","description":"The organization used to determine access to this template.","description_kind":"plain","optional":true,"computed":true},"scm_branch":{"type":"string","description":"Specific branch, tag or commit to checkout.","description_kind":"plain","optional":true,"computed":true},"scm_clean":{"type":"bool","description":"Discard any local changes before syncing the project.","description_kind":"plain","optional":true,"computed":true},"scm_delete_on_update":{"type":"bool","description":"Delete the project before syncing.","description_kind":"plain","optional":true,"computed":true},"scm_refspec":{"type":"string","description":"For git projects, an additional refspec to fetch.","description_kind":"plain","optional":true,"computed":true},"scm_track_submodules":{"type":"bool","description":"Track submodules latest commits on defined branch.","description_kind":"plain","optional":true,"computed":true},"scm_type":{"type":"string","description":"Specifies the source control system used to store the project.","description_kind":"plain","optional":true,"computed":true},"scm_update_cache_timeout":{"type":"number","description":"The number of seconds after the last project update ran that a new project update will be launched as a job dependency.","description_kind":"plain","optional":true,"computed":true},"scm_update_on_launch":{"type":"bool","description":"Update the project when a job is launched that uses the project.","description_kind":"plain","optional":true,"computed":true},"scm_url":{"type":"string","description":"The location where the project is stored.","description_kind":"plain","optional":true,"computed":true},"signature_validation_credential":{"type":"number","description":"An optional credential used for validating files in the project against unexpected changes.","description_kind":"plain","optional":true,"computed":true},"timeout":{"type":"number","description":"The amount of time (in seconds) to run before the task is canceled.","description_kind":"plain","optional":true,"computed":true}},"description_kind":"plain"}},"awx_schedule":{"version":0,"block":{"attributes":{"description":{"type":"string","description":"Optional description of this schedule.","description_kind":"plain","optional":true,"computed":true},"diff_mode":{"type":"bool","description":"Diff mode","description_kind":"plain","optional":true,"computed":true},"dtend":{"type":"string","description":"The last occurrence of the schedule occurs before this time, aftewards the schedule expires.","description_kind":"plain","computed":true},"dtstart":{"type":"string","description":"The first occurrence of the schedule occurs on or after this time.","description_kind":"plain","computed":true},"enabled":{"type":"bool","description":"Enables processing of this schedule.","description_kind":"plain","optional":true,"computed":true},"execution_environment":{"type":"number","description":"The container image to be used for execution.","description_kind":"plain","optional":true,"computed":true},"extra_data":{"type":"string","description":"Extra data","description_kind":"plain","optional":true,"computed":true},"forks":{"type":"number","description":"Forks","description_kind":"plain","optional":true,"computed":true},"id":{"type":"number","description":"Database ID for this schedule.","description_kind":"plain","computed":true},"inventory":{"type":"number","description":"Inventory applied as a prompt, assuming job template prompts for inventory","description_kind":"plain","optional":true,"computed":true},"job_slice_count":{"type":"number","description":"Job slice count","description_kind":"plain","optional":true,"computed":true},"job_tags":{"type":"string","description":"Job tags","description_kind":"plain","optional":true,"computed":true},"job_type":{"type":"string","description":"Job type","description_kind":"plain","optional":true,"computed":true},"limit":{"type":"string","description":"Limit","description_kind":"plain","optional":true,"computed":true},"name":{"type":"string","description":"Name of this schedule.","description_kind":"plain","required":true},"next_run":{"type":"string","description":"The next time that the scheduled action will run.","description_kind":"plain","computed":true},"rrule":{"type":"string","description":"A value representing the schedules iCal recurrence rule.","description_kind":"plain","required":true},"scm_branch":{"type":"string","description":"Scm branch","description_kind":"plain","optional":true,"computed":true},"skip_tags":{"type":"string","description":"Skip tags","description_kind":"plain","optional":true,"computed":true},"timeout":{"type":"number","description":"Timeout","description_kind":"plain","optional":true,"computed":true},"timezone":{"type":"string","description":"The timezone this schedule runs in. This field is extracted from the RRULE. If the timezone in the RRULE is a link to another timezone, the link will be reflected in this field.","description_kind":"plain","computed":true},"unified_job_template":{"type":"number","description":"Unified job template","description_kind":"plain","required":true},"until":{"type":"string","description":"The date this schedule will end. This field is computed from the RRULE. If the schedule does not end an empty string will be returned","description_kind":"plain","computed":true},"verbosity":{"type":"string","description":"Verbosity","description_kind":"plain","optional":true,"computed":true}},"description_kind":"plain"}},"awx_settings_auth_azuread_oauth2":{"version":0,"block":{"attributes":{"social_auth_azuread_oauth2_callback_url":{"type":"string","description":"Provide this URL as the callback URL for your application as part of your registration process. Refer to the documentation for more detail. ","description_kind":"plain","computed":true},"social_auth_azuread_oauth2_key":{"type":"string","description":"The OAuth2 key (Client ID) from your Azure AD application.","description_kind":"plain","optional":true,"computed":true},"social_auth_azuread_oauth2_organization_map":{"type":"string","description":"Mapping to organization admins/users from social auth accounts. This setting\ncontrols which users are placed into which organizations based on their\nusername and email address. Configuration details are available in the\ndocumentation.","description_kind":"plain","optional":true,"computed":true},"social_auth_azuread_oauth2_secret":{"type":"string","description":"The OAuth2 secret (Client Secret) from your Azure AD application.","description_kind":"plain","optional":true,"computed":true,"sensitive":true},"social_auth_azuread_oauth2_team_map":{"type":"string","description":"Mapping of team members (users) from social auth accounts. Configuration\ndetails are available in the documentation.","description_kind":"plain","optional":true,"computed":true}},"description_kind":"plain"}},"awx_settings_auth_github":{"version":0,"block":{"attributes":{"social_auth_github_callback_url":{"type":"string","description":"Provide this URL as the callback URL for your application as part of your registration process. Refer to the documentation for more detail.","description_kind":"plain","computed":true},"social_auth_github_key":{"type":"string","description":"The OAuth2 key (Client ID) from your GitHub developer application.","description_kind":"plain","optional":true,"computed":true},"social_auth_github_organization_map":{"type":"string","description":"Mapping to organization admins/users from social auth accounts. This setting\ncontrols which users are placed into which organizations based on their\nusername and email address. Configuration details are available in the\ndocumentation.","description_kind":"plain","optional":true,"computed":true},"social_auth_github_secret":{"type":"string","description":"The OAuth2 secret (Client Secret) from your GitHub developer application.","description_kind":"plain","optional":true,"computed":true,"sensitive":true},"social_auth_github_team_map":{"type":"string","description":"Mapping of team members (users) from social auth accounts. Configuration\ndetails are available in the documentation.","description_kind":"plain","optional":true,"computed":true}},"description_kind":"plain"}},"awx_settings_auth_github_enterprise":{"version":0,"block":{"attributes":{"social_auth_github_enterprise_api_url":{"type":"string","description":"The API URL for your GitHub Enterprise instance, e.g.: http(s)://hostname/api/v3/. Refer to Github Enterprise documentation for more details.","description_kind":"plain","optional":true,"computed":true},"social_auth_github_enterprise_callback_url":{"type":"string","description":"Provide this URL as the callback URL for your application as part of your registration process. Refer to the documentation for more detail.","description_kind":"plain","computed":true},"social_auth_github_enterprise_key":{"type":"string","description":"The OAuth2 key (Client ID) from your GitHub Enterprise developer application.","description_kind":"plain","optional":true,"computed":true},"social_auth_github_enterprise_organization_map":{"type":"string","description":"Mapping to organization admins/users from social auth accounts. This setting\ncontrols which users are placed into which organizations based on their\nusername and email address. Configuration details are available in the\ndocumentation.","description_kind":"plain","optional":true,"computed":true},"social_auth_github_enterprise_secret":{"type":"string","description":"The OAuth2 secret (Client Secret) from your GitHub Enterprise developer application.","description_kind":"plain","optional":true,"computed":true,"sensitive":true},"social_auth_github_enterprise_team_map":{"type":"string","description":"Mapping of team members (users) from social auth accounts. Configuration\ndetails are available in the documentation.","description_kind":"plain","optional":true,"computed":true},"social_auth_github_enterprise_url":{"type":"string","description":"The URL for your Github Enterprise instance, e.g.: http(s)://hostname/. Refer to Github Enterprise documentation for more details.","description_kind":"plain","optional":true,"computed":true}},"description_kind":"plain"}},"awx_settings_auth_github_enterprise_org":{"version":0,"block":{"attributes":{"social_auth_github_enterprise_org_api_url":{"type":"string","description":"The API URL for your GitHub Enterprise instance, e.g.: http(s)://hostname/api/v3/. Refer to Github Enterprise documentation for more details.","description_kind":"plain","optional":true,"computed":true},"social_auth_github_enterprise_org_callback_url":{"type":"string","description":"Provide this URL as the callback URL for your application as part of your registration process. Refer to the documentation for more detail.","description_kind":"plain","computed":true},"social_auth_github_enterprise_org_key":{"type":"string","description":"The OAuth2 key (Client ID) from your GitHub Enterprise organization application.","description_kind":"plain","optional":true,"computed":true},"social_auth_github_enterprise_org_name":{"type":"string","description":"The name of your GitHub Enterprise organization, as used in your organization's URL: https://github.com/\u003cyourorg\u003e/.","description_kind":"plain","optional":true,"computed":true},"social_auth_github_enterprise_org_organization_map":{"type":"string","description":"Mapping to organization admins/users from social auth accounts. This setting\ncontrols which users are placed into which organizations based on their\nusername and email address. Configuration details are available in the\ndocumentation.","description_kind":"plain","optional":true,"computed":true},"social_auth_github_enterprise_org_secret":{"type":"string","description":"The OAuth2 secret (Client Secret) from your GitHub Enterprise organization application.","description_kind":"plain","optional":true,"computed":true,"sensitive":true},"social_auth_github_enterprise_org_team_map":{"type":"string","description":"Mapping of team members (users) from social auth accounts. Configuration\ndetails are available in the documentation.","description_kind":"plain","optional":true,"computed":true},"social_auth_github_enterprise_org_url":{"type":"string","description":"The URL for your Github Enterprise instance, e.g.: http(s)://hostname/. Refer to Github Enterprise documentation for more details.","description_kind":"plain","optional":true,"computed":true}},"description_kind":"plain"}},"awx_settings_auth_github_enterprise_team":{"version":0,"block":{"attributes":{"social_auth_github_enterprise_team_api_url":{"type":"string","description":"The API URL for your GitHub Enterprise instance, e.g.: http(s)://hostname/api/v3/. Refer to Github Enterprise documentation for more details.","description_kind":"plain","optional":true,"computed":true},"social_auth_github_enterprise_team_callback_url":{"type":"string","description":"Create an organization-owned application at https://github.com/organizations/\u003cyourorg\u003e/settings/applications and obtain an OAuth2 key (Client ID) and secret (Client Secret). Provide this URL as the callback URL for your application.","description_kind":"plain","computed":true},"social_auth_github_enterprise_team_id":{"type":"string","description":"Find the numeric team ID using the Github Enterprise API: http://fabian-kostadinov.github.io/2015/01/16/how-to-find-a-github-team-id/.","description_kind":"plain","optional":true,"computed":true},"social_auth_github_enterprise_team_key":{"type":"string","description":"The OAuth2 key (Client ID) from your GitHub Enterprise organization application.","description_kind":"plain","optional":true,"computed":true},"social_auth_github_enterprise_team_organization_map":{"type":"string","description":"Mapping to organization admins/users from social auth accounts. This setting\ncontrols which users are placed into which organizations based on their\nusername and email address. Configuration details are available in the\ndocumentation.","description_kind":"plain","optional":true,"computed":true},"social_auth_github_enterprise_team_secret":{"type":"string","description":"The OAuth2 secret (Client Secret) from your GitHub Enterprise organization application.","description_kind":"plain","optional":true,"computed":true,"sensitive":true},"social_auth_github_enterprise_team_team_map":{"type":"string","description":"Mapping of team members (users) from social auth accounts. Configuration\ndetails are available in the documentation.","description_kind":"plain","optional":true,"computed":true},"social_auth_github_enterprise_team_url":{"type":"string","description":"The URL for your Github Enterprise instance, e.g.: http(s)://hostname/. Refer to Github Enterprise documentation for more details.","description_kind":"plain","optional":true,"computed":true}},"description_kind":"plain"}},"awx_settings_auth_github_org":{"version":0,"block":{"attributes":{"social_auth_github_org_callback_url":{"type":"string","description":"Provide this URL as the callback URL for your application as part of your registration process. Refer to the documentation for more detail.","description_kind":"plain","computed":true},"social_auth_github_org_key":{"type":"string","description":"The OAuth2 key (Client ID) from your GitHub organization application.","description_kind":"plain","optional":true,"computed":true},"social_auth_github_org_name":{"type":"string","description":"The name of your GitHub organization, as used in your organization's URL: https://github.com/\u003cyourorg\u003e/.","description_kind":"plain","optional":true,"computed":true},"social_auth_github_org_organization_map":{"type":"string","description":"Mapping to organization admins/users from social auth accounts. This setting\ncontrols which users are placed into which organizations based on their\nusername and email address. Configuration details are available in the\ndocumentation.","description_kind":"plain","optional":true,"computed":true},"social_auth_github_org_secret":{"type":"string","description":"The OAuth2 secret (Client Secret) from your GitHub organization application.","description_kind":"plain","optional":true,"computed":true,"sensitive":true},"social_auth_github_org_team_map":{"type":"string","description":"Mapping of team members (users) from social auth accounts. Configuration\ndetails are available in the documentation.","description_kind":"plain","optional":true,"computed":true}},"description_kind":"plain"}},"awx_settings_auth_github_team":{"version":0,"block":{"attributes":{"social_auth_github_team_callback_url":{"type":"string","description":"Create an organization-owned application at https://github.com/organizations/\u003cyourorg\u003e/settings/applications and obtain an OAuth2 key (Client ID) and secret (Client Secret). Provide this URL as the callback URL for your application.","description_kind":"plain","computed":true},"social_auth_github_team_id":{"type":"string","description":"Find the numeric team ID using the Github API: http://fabian-kostadinov.github.io/2015/01/16/how-to-find-a-github-team-id/.","description_kind":"plain","optional":true,"computed":true},"social_auth_github_team_key":{"type":"string","description":"The OAuth2 key (Client ID) from your GitHub organization application.","description_kind":"plain","optional":true,"computed":true},"social_auth_github_team_organization_map":{"type":"string","description":"Mapping to organization admins/users from social auth accounts. This setting\ncontrols which users are placed into which organizations based on their\nusername and email address. Configuration details are available in the\ndocumentation.","description_kind":"plain","optional":true,"computed":true},"social_auth_github_team_secret":{"type":"string","description":"The OAuth2 secret (Client Secret) from your GitHub organization application.","description_kind":"plain","optional":true,"computed":true,"sensitive":true},"social_auth_github_team_team_map":{"type":"string","description":"Mapping of team members (users) from social auth accounts. Configuration\ndetails are available in the documentation.","description_kind":"plain","optional":true,"computed":true}},"description_kind":"plain"}},"awx_settings_auth_google_oauth2":{"version":0,"block":{"attributes":{"social_auth_google_oauth2_auth_extra_arguments":{"type":"string","description":"Extra arguments for Google OAuth2 login. You can restrict it to only allow a single domain to authenticate, even if the user is logged in with multple Google accounts. Refer to the documentation for more detail.","description_kind":"plain","optional":true,"computed":true},"social_auth_google_oauth2_callback_url":{"type":"string","description":"Provide this URL as the callback URL for your application as part of your registration process. Refer to the documentation for more detail.","description_kind":"plain","computed":true},"social_auth_google_oauth2_key":{"type":"string","description":"The OAuth2 key from your web application.","description_kind":"plain","optional":true,"computed":true},"social_auth_google_oauth2_organization_map":{"type":"string","description":"Mapping to organization admins/users from social auth accounts. This setting\ncontrols which users are placed into which organizations based on their\nusername and email address. Configuration details are available in the\ndocumentation.","description_kind":"plain","optional":true,"computed":true},"social_auth_google_oauth2_secret":{"type":"string","description":"The OAuth2 secret from your web application.","description_kind":"plain","optional":true,"computed":true,"sensitive":true},"social_auth_google_oauth2_team_map":{"type":"string","description":"Mapping of team members (users) from social auth accounts. Configuration\ndetails are available in the documentation.","description_kind":"plain","optional":true,"computed":true},"social_auth_google_oauth2_whitelisted_domains":{"type":["list","string"],"description":"Update this setting to restrict the domains who are allowed to login using Google OAuth2.","description_kind":"plain","optional":true,"computed":true}},"description_kind":"plain"}},"awx_settings_auth_ldap":{"version":0,"block":{"attributes":{"auth_ldap_1_bind_dn":{"type":"string","description":"DN (Distinguished Name) of user to bind for all search queries. This is the system user account we will use to login to query LDAP for other user information. Refer to the documentation for example syntax.","description_kind":"plain","optional":true,"computed":true},"auth_ldap_1_bind_password":{"type":"string","description":"Password used to bind LDAP user account.","description_kind":"plain","optional":true,"computed":true,"sensitive":true},"auth_ldap_1_connection_options":{"type":"string","description":"Additional options to set for the LDAP connection.  LDAP referrals are disabled by default (to prevent certain LDAP queries from hanging with AD). Option names should be strings (e.g. \"OPT_REFERRALS\"). Refer to https://www.python-ldap.org/doc/html/ldap.html#options for possible options and values that can be set.","description_kind":"plain","optional":true,"computed":true},"auth_ldap_1_deny_group":{"type":"string","description":"Group DN denied from login. If specified, user will not be allowed to login if a member of this group.  Only one deny group is supported.","description_kind":"plain","optional":true,"computed":true},"auth_ldap_1_group_search":{"type":["list","string"],"description":"Users are mapped to organizations based on their membership in LDAP groups. This setting defines the LDAP search query to find groups. Unlike the user search, group search does not support LDAPSearchUnion.","description_kind":"plain","optional":true,"computed":true},"auth_ldap_1_group_type":{"type":"string","description":"The group type may need to be changed based on the type of the LDAP server.  Values are listed at: https://django-auth-ldap.readthedocs.io/en/stable/groups.html#types-of-groups","description_kind":"plain","optional":true,"computed":true},"auth_ldap_1_group_type_params":{"type":"string","description":"Key value parameters to send the chosen group type init method.","description_kind":"plain","optional":true,"computed":true},"auth_ldap_1_organization_map":{"type":"string","description":"Mapping between organization admins/users and LDAP groups. This controls which users are placed into which organizations relative to their LDAP group memberships. Configuration details are available in the documentation.","description_kind":"plain","optional":true,"computed":true},"auth_ldap_1_require_group":{"type":"string","description":"Group DN required to login. If specified, user must be a member of this group to login via LDAP. If not set, everyone in LDAP that matches the user search will be able to login to the service. Only one require group is supported.","description_kind":"plain","optional":true,"computed":true},"auth_ldap_1_server_uri":{"type":"string","description":"URI to connect to LDAP server, such as \"ldap://ldap.example.com:389\" (non-SSL) or \"ldaps://ldap.example.com:636\" (SSL). Multiple LDAP servers may be specified by separating with spaces or commas. LDAP authentication is disabled if this parameter is empty.","description_kind":"plain","optional":true,"computed":true},"auth_ldap_1_start_tls":{"type":"bool","description":"Whether to enable TLS when the LDAP connection is not using SSL.","description_kind":"plain","optional":true,"computed":true},"auth_ldap_1_team_map":{"type":"string","description":"Mapping between team members (users) and LDAP groups. Configuration details are available in the documentation.","description_kind":"plain","optional":true,"computed":true},"auth_ldap_1_user_attr_map":{"type":"string","description":"Mapping of LDAP user schema to API user attributes. The default setting is valid for ActiveDirectory but users with other LDAP configurations may need to change the values. Refer to the documentation for additional details.","description_kind":"plain","optional":true,"computed":true},"auth_ldap_1_user_dn_template":{"type":"string","description":"Alternative to user search, if user DNs are all of the same format. This approach is more efficient for user lookups than searching if it is usable in your organizational environment. If this setting has a value it will be used instead of AUTH_LDAP_USER_SEARCH.","description_kind":"plain","optional":true,"computed":true},"auth_ldap_1_user_flags_by_group":{"type":"string","description":"Retrieve users from a given group. At this time, superuser and system auditors are the only groups supported. Refer to the documentation for more detail.","description_kind":"plain","optional":true,"computed":true},"auth_ldap_1_user_search":{"type":["list","string"],"description":"LDAP search query to find users.  Any user that matches the given pattern will be able to login to the service.  The user should also be mapped into an organization (as defined in the AUTH_LDAP_ORGANIZATION_MAP setting).  If multiple search queries need to be supported use of \"LDAPUnion\" is possible. See the documentation for details.","description_kind":"plain","optional":true,"computed":true},"auth_ldap_2_bind_dn":{"type":"string","description":"DN (Distinguished Name) of user to bind for all search queries. This is the system user account we will use to login to query LDAP for other user information. Refer to the documentation for example syntax.","description_kind":"plain","optional":true,"computed":true},"auth_ldap_2_bind_password":{"type":"string","description":"Password used to bind LDAP user account.","description_kind":"plain","optional":true,"computed":true,"sensitive":true},"auth_ldap_2_connection_options":{"type":"string","description":"Additional options to set for the LDAP connection.  LDAP referrals are disabled by default (to prevent certain LDAP queries from hanging with AD). Option names should be strings (e.g. \"OPT_REFERRALS\"). Refer to https://www.python-ldap.org/doc/html/ldap.html#options for possible options and values that can be set.","description_kind":"plain","optional":true,"computed":true},"auth_ldap_2_deny_group":{"type":"string","description":"Group DN denied from login. If specified, user will not be allowed to login if a member of this group.  Only one deny group is supported.","description_kind":"plain","optional":true,"computed":true},"auth_ldap_2_group_search":{"type":["list","string"],"description":"Users are mapped to organizations based on their membership in LDAP groups. This setting defines the LDAP search query to find groups. Unlike the user search, group search does not support LDAPSearchUnion.","description_kind":"plain","optional":true,"computed":true},"auth_ldap_2_group_type":{"type":"string","description":"The group type may need to be changed based on the type of the LDAP server.  Values are listed at: https://django-auth-ldap.readthedocs.io/en/stable/groups.html#types-of-groups","description_kind":"plain","optional":true,"computed":true},"auth_ldap_2_group_type_params":{"type":"string","description":"Key value parameters to send the chosen group type init method.","description_kind":"plain","optional":true,"computed":true},"auth_ldap_2_organization_map":{"type":"string","description":"Mapping between organization admins/users and LDAP groups. This controls which users are placed into which organizations relative to their LDAP group memberships. Configuration details are available in the documentation.","description_kind":"plain","optional":true,"computed":true},"auth_ldap_2_require_group":{"type":"string","description":"Group DN required to login. If specified, user must be a member of this group to login via LDAP. If not set, everyone in LDAP that matches the user search will be able to login to the service. Only one require group is supported.","description_kind":"plain","optional":true,"computed":true},"auth_ldap_2_server_uri":{"type":"string","description":"URI to connect to LDAP server, such as \"ldap://ldap.example.com:389\" (non-SSL) or \"ldaps://ldap.example.com:636\" (SSL). Multiple LDAP servers may be specified by separating with spaces or commas. LDAP authentication is disabled if this parameter is empty.","description_kind":"plain","optional":true,"computed":true},"auth_ldap_2_start_tls":{"type":"bool","description":"Whether to enable TLS when the LDAP connection is not using SSL.","description_kind":"plain","optional":true,"computed":true},"auth_ldap_2_team_map":{"type":"string","description":"Mapping between team members (users) and LDAP groups. Configuration details are available in the documentation.","description_kind":"plain","optional":true,"computed":true},"auth_ldap_2_user_attr_map":{"type":"string","description":"Mapping of LDAP user schema to API user attributes. The default setting is valid for ActiveDirectory but users with other LDAP configurations may need to change the values. Refer to the documentation for additional details.","description_kind":"plain","optional":true,"computed":true},"auth_ldap_2_user_dn_template":{"type":"string","description":"Alternative to user search, if user DNs are all of the same format. This approach is more efficient for user lookups than searching if it is usable in your organizational environment. If this setting has a value it will be used instead of AUTH_LDAP_USER_SEARCH.","description_kind":"plain","optional":true,"computed":true},"auth_ldap_2_user_flags_by_group":{"type":"string","description":"Retrieve users from a given group. At this time, superuser and system auditors are the only groups supported. Refer to the documentation for more detail.","description_kind":"plain","optional":true,"computed":true},"auth_ldap_2_user_search":{"type":["list","string"],"description":"LDAP search query to find users.  Any user that matches the given pattern will be able to login to the service.  The user should also be mapped into an organization (as defined in the AUTH_LDAP_ORGANIZATION_MAP setting).  If multiple search queries need to be supported use of \"LDAPUnion\" is possible. See the documentation for details.","description_kind":"plain","optional":true,"computed":true},"auth_ldap_3_bind_dn":{"type":"string","description":"DN (Distinguished Name) of user to bind for all search queries. This is the system user account we will use to login to query LDAP for other user information. Refer to the documentation for example syntax.","description_kind":"plain","optional":true,"computed":true},"auth_ldap_3_bind_password":{"type":"string","description":"Password used to bind LDAP user account.","description_kind":"plain","optional":true,"computed":true,"sensitive":true},"auth_ldap_3_connection_options":{"type":"string","description":"Additional options to set for the LDAP connection.  LDAP referrals are disabled by default (to prevent certain LDAP queries from hanging with AD). Option names should be strings (e.g. \"OPT_REFERRALS\"). Refer to https://www.python-ldap.org/doc/html/ldap.html#options for possible options and values that can be set.","description_kind":"plain","optional":true,"computed":true},"auth_ldap_3_deny_group":{"type":"string","description":"Group DN denied from login. If specified, user will not be allowed to login if a member of this group.  Only one deny group is supported.","description_kind":"plain","optional":true,"computed":true},"auth_ldap_3_group_search":{"type":["list","string"],"description":"Users are mapped to organizations based on their membership in LDAP groups. This setting defines the LDAP search query to find groups. Unlike the user search, group search does not support LDAPSearchUnion.","description_kind":"plain","optional":true,"computed":true},"auth_ldap_3_group_type":{"type":"string","description":"The group type may need to be changed based on the type of the LDAP server.  Values are listed at: https://django-auth-ldap.readthedocs.io/en/stable/groups.html#types-of-groups","description_kind":"plain","optional":true,"computed":true},"auth_ldap_3_group_type_params":{"type":"string","description":"Key value parameters to send the chosen group type init method.","description_kind":"plain","optional":true,"computed":true},"auth_ldap_3_organization_map":{"type":"string","description":"Mapping between organization admins/users and LDAP groups. This controls which users are placed into which organizations relative to their LDAP group memberships. Configuration details are available in the documentation.","description_kind":"plain","optional":true,"computed":true},"auth_ldap_3_require_group":{"type":"string","description":"Group DN required to login. If specified, user must be a member of this group to login via LDAP. If not set, everyone in LDAP that matches the user search will be able to login to the service. Only one require group is supported.","description_kind":"plain","optional":true,"computed":true},"auth_ldap_3_server_uri":{"type":"string","description":"URI to connect to LDAP server, such as \"ldap://ldap.example.com:389\" (non-SSL) or \"ldaps://ldap.example.com:636\" (SSL). Multiple LDAP servers may be specified by separating with spaces or commas. LDAP authentication is disabled if this parameter is empty.","description_kind":"plain","optional":true,"computed":true},"auth_ldap_3_start_tls":{"type":"bool","description":"Whether to enable TLS when the LDAP connection is not using SSL.","description_kind":"plain","optional":true,"computed":true},"auth_ldap_3_team_map":{"type":"string","description":"Mapping between team members (users) and LDAP groups. Configuration details are available in the documentation.","description_kind":"plain","optional":true,"computed":true},"auth_ldap_3_user_attr_map":{"type":"string","description":"Mapping of LDAP user schema to API user attributes. The default setting is valid for ActiveDirectory but users with other LDAP configurations may need to change the values. Refer to the documentation for additional details.","description_kind":"plain","optional":true,"computed":true},"auth_ldap_3_user_dn_template":{"type":"string","description":"Alternative to user search, if user DNs are all of the same format. This approach is more efficient for user lookups than searching if it is usable in your organizational environment. If this setting has a value it will be used instead of AUTH_LDAP_USER_SEARCH.","description_kind":"plain","optional":true,"computed":true},"auth_ldap_3_user_flags_by_group":{"type":"string","description":"Retrieve users from a given group. At this time, superuser and system auditors are the only groups supported. Refer to the documentation for more detail.","description_kind":"plain","optional":true,"computed":true},"auth_ldap_3_user_search":{"type":["list","string"],"description":"LDAP search query to find users.  Any user that matches the given pattern will be able to login to the service.  The user should also be mapped into an organization (as defined in the AUTH_LDAP_ORGANIZATION_MAP setting).  If multiple search queries need to be supported use of \"LDAPUnion\" is possible. See the documentation for details.","description_kind":"plain","optional":true,"computed":true},"auth_ldap_4_bind_dn":{"type":"string","description":"DN (Distinguished Name) of user to bind for all search queries. This is the system user account we will use to login to query LDAP for other user information. Refer to the documentation for example syntax.","description_kind":"plain","optional":true,"computed":true},"auth_ldap_4_bind_password":{"type":"string","description":"Password used to bind LDAP user account.","description_kind":"plain","optional":true,"computed":true,"sensitive":true},"auth_ldap_4_connection_options":{"type":"string","description":"Additional options to set for the LDAP connection.  LDAP referrals are disabled by default (to prevent certain LDAP queries from hanging with AD). Option names should be strings (e.g. \"OPT_REFERRALS\"). Refer to https://www.python-ldap.org/doc/html/ldap.html#options for possible options and values that can be set.","description_kind":"plain","optional":true,"computed":true},"auth_ldap_4_deny_group":{"type":"string","description":"Group DN denied from login. If specified, user will not be allowed to login if a member of this group.  Only one deny group is supported.","description_kind":"plain","optional":true,"computed":true},"auth_ldap_4_group_search":{"type":["list","string"],"description":"Users are mapped to organizations based on their membership in LDAP groups. This setting defines the LDAP search query to find groups. Unlike the user search, group search does not support LDAPSearchUnion.","description_kind":"plain","optional":true,"computed":true},"auth_ldap_4_group_type":{"type":"string","description":"The group type may need to be changed based on the type of the LDAP server.  Values are listed at: https://django-auth-ldap.readthedocs.io/en/stable/groups.html#types-of-groups","description_kind":"plain","optional":true,"computed":true},"auth_ldap_4_group_type_params":{"type":"string","description":"Key value parameters to send the chosen group type init method.","description_kind":"plain","optional":true,"computed":true},"auth_ldap_4_organization_map":{"type":"string","description":"Mapping between organization admins/users and LDAP groups. This controls which users are placed into which organizations relative to their LDAP group memberships. Configuration details are available in the documentation.","description_kind":"plain","optional":true,"computed":true},"auth_ldap_4_require_group":{"type":"string","description":"Group DN required to login. If specified, user must be a member of this group to login via LDAP. If not set, everyone in LDAP that matches the user search will be able to login to the service. Only one require group is supported.","description_kind":"plain","optional":true,"computed":true},"auth_ldap_4_server_uri":{"type":"string","description":"URI to connect to LDAP server, such as \"ldap://ldap.example.com:389\" (non-SSL) or \"ldaps://ldap.example.com:636\" (SSL). Multiple LDAP servers may be specified by separating with spaces or commas. LDAP authentication is disabled if this parameter is empty.","description_kind":"plain","optional":true,"computed":true},"auth_ldap_4_start_tls":{"type":"bool","description":"Whether to enable TLS when the LDAP connection is not using SSL.","description_kind":"plain","optional":true,"computed":true},"auth_ldap_4_team_map":{"type":"string","description":"Mapping between team members (users) and LDAP groups. Configuration details are available in the documentation.","description_kind":"plain","optional":true,"computed":true},"auth_ldap_4_user_attr_map":{"type":"string","description":"Mapping of LDAP user schema to API user attributes. The default setting is valid for ActiveDirectory but users with other LDAP configurations may need to change the values. Refer to the documentation for additional details.","description_kind":"plain","optional":true,"computed":true},"auth_ldap_4_user_dn_template":{"type":"string","description":"Alternative to user search, if user DNs are all of the same format. This approach is more efficient for user lookups than searching if it is usable in your organizational environment. If this setting has a value it will be used instead of AUTH_LDAP_USER_SEARCH.","description_kind":"plain","optional":true,"computed":true},"auth_ldap_4_user_flags_by_group":{"type":"string","description":"Retrieve users from a given group. At this time, superuser and system auditors are the only groups supported. Refer to the documentation for more detail.","description_kind":"plain","optional":true,"computed":true},"auth_ldap_4_user_search":{"type":["list","string"],"description":"LDAP search query to find users.  Any user that matches the given pattern will be able to login to the service.  The user should also be mapped into an organization (as defined in the AUTH_LDAP_ORGANIZATION_MAP setting).  If multiple search queries need to be supported use of \"LDAPUnion\" is possible. See the documentation for details.","description_kind":"plain","optional":true,"computed":true},"auth_ldap_5_bind_dn":{"type":"string","description":"DN (Distinguished Name) of user to bind for all search queries. This is the system user account we will use to login to query LDAP for other user information. Refer to the documentation for example syntax.","description_kind":"plain","optional":true,"computed":true},"auth_ldap_5_bind_password":{"type":"string","description":"Password used to bind LDAP user account.","description_kind":"plain","optional":true,"computed":true,"sensitive":true},"auth_ldap_5_connection_options":{"type":"string","description":"Additional options to set for the LDAP connection.  LDAP referrals are disabled by default (to prevent certain LDAP queries from hanging with AD). Option names should be strings (e.g. \"OPT_REFERRALS\"). Refer to https://www.python-ldap.org/doc/html/ldap.html#options for possible options and values that can be set.","description_kind":"plain","optional":true,"computed":true},"auth_ldap_5_deny_group":{"type":"string","description":"Group DN denied from login. If specified, user will not be allowed to login if a member of this group.  Only one deny group is supported.","description_kind":"plain","optional":true,"computed":true},"auth_ldap_5_group_search":{"type":["list","string"],"description":"Users are mapped to organizations based on their membership in LDAP groups. This setting defines the LDAP search query to find groups. Unlike the user search, group search does not support LDAPSearchUnion.","description_kind":"plain","optional":true,"computed":true},"auth_ldap_5_group_type":{"type":"string","description":"The group type may need to be changed based on the type of the LDAP server.  Values are listed at: https://django-auth-ldap.readthedocs.io/en/stable/groups.html#types-of-groups","description_kind":"plain","optional":true,"computed":true},"auth_ldap_5_group_type_params":{"type":"string","description":"Key value parameters to send the chosen group type init method.","description_kind":"plain","optional":true,"computed":true},"auth_ldap_5_organization_map":{"type":"string","description":"Mapping between organization admins/users and LDAP groups. This controls which users are placed into which organizations relative to their LDAP group memberships. Configuration details are available in the documentation.","description_kind":"plain","optional":true,"computed":true},"auth_ldap_5_require_group":{"type":"string","description":"Group DN required to login. If specified, user must be a member of this group to login via LDAP. If not set, everyone in LDAP that matches the user search will be able to login to the service. Only one require group is supported.","description_kind":"plain","optional":true,"computed":true},"auth_ldap_5_server_uri":{"type":"string","description":"URI to connect to LDAP server, such as \"ldap://ldap.example.com:389\" (non-SSL) or \"ldaps://ldap.example.com:636\" (SSL). Multiple LDAP servers may be specified by separating with spaces or commas. LDAP authentication is disabled if this parameter is empty.","description_kind":"plain","optional":true,"computed":true},"auth_ldap_5_start_tls":{"type":"bool","description":"Whether to enable TLS when the LDAP connection is not using SSL.","description_kind":"plain","optional":true,"computed":true},"auth_ldap_5_team_map":{"type":"string","description":"Mapping between team members (users) and LDAP groups. Configuration details are available in the documentation.","description_kind":"plain","optional":true,"computed":true},"auth_ldap_5_user_attr_map":{"type":"string","description":"Mapping of LDAP user schema to API user attributes. The default setting is valid for ActiveDirectory but users with other LDAP configurations may need to change the values. Refer to the documentation for additional details.","description_kind":"plain","optional":true,"computed":true},"auth_ldap_5_user_dn_template":{"type":"string","description":"Alternative to user search, if user DNs are all of the same format. This approach is more efficient for user lookups than searching if it is usable in your organizational environment. If this setting has a value it will be used instead of AUTH_LDAP_USER_SEARCH.","description_kind":"plain","optional":true,"computed":true},"auth_ldap_5_user_flags_by_group":{"type":"string","description":"Retrieve users from a given group. At this time, superuser and system auditors are the only groups supported. Refer to the documentation for more detail.","description_kind":"plain","optional":true,"computed":true},"auth_ldap_5_user_search":{"type":["list","string"],"description":"LDAP search query to find users.  Any user that matches the given pattern will be able to login to the service.  The user should also be mapped into an organization (as defined in the AUTH_LDAP_ORGANIZATION_MAP setting).  If multiple search queries need to be supported use of \"LDAPUnion\" is possible. See the documentation for details.","description_kind":"plain","optional":true,"computed":true},"auth_ldap_bind_dn":{"type":"string","description":"DN (Distinguished Name) of user to bind for all search queries. This is the system user account we will use to login to query LDAP for other user information. Refer to the documentation for example syntax.","description_kind":"plain","optional":true,"computed":true},"auth_ldap_bind_password":{"type":"string","description":"Password used to bind LDAP user account.","description_kind":"plain","optional":true,"computed":true,"sensitive":true},"auth_ldap_connection_options":{"type":"string","description":"Additional options to set for the LDAP connection.  LDAP referrals are disabled by default (to prevent certain LDAP queries from hanging with AD). Option names should be strings (e.g. \"OPT_REFERRALS\"). Refer to https://www.python-ldap.org/doc/html/ldap.html#options for possible options and values that can be set.","description_kind":"plain","optional":true,"computed":true},"auth_ldap_deny_group":{"type":"string","description":"Group DN denied from login. If specified, user will not be allowed to login if a member of this group.  Only one deny group is supported.","description_kind":"plain","optional":true,"computed":true},"auth_ldap_group_search":{"type":["list","string"],"description":"Users are mapped to organizations based on their membership in LDAP groups. This setting defines the LDAP search query to find groups. Unlike the user search, group search does not support LDAPSearchUnion.","description_kind":"plain","optional":true,"computed":true},"auth_ldap_group_type":{"type":"string","description":"The group type may need to be changed based on the type of the LDAP server.  Values are listed at: https://django-auth-ldap.readthedocs.io/en/stable/groups.html#types-of-groups","description_kind":"plain","optional":true,"computed":true},"auth_ldap_group_type_params":{"type":"string","description":"Key value parameters to send the chosen group type init method.","description_kind":"plain","optional":true,"computed":true},"auth_ldap_organization_map":{"type":"string","description":"Mapping between organization admins/users and LDAP groups. This controls which users are placed into which organizations relative to their LDAP group memberships. Configuration details are available in the documentation.","description_kind":"plain","optional":true,"computed":true},"auth_ldap_require_group":{"type":"string","description":"Group DN required to login. If specified, user must be a member of this group to login via LDAP. If not set, everyone in LDAP that matches the user search will be able to login to the service. Only one require group is supported.","description_kind":"plain","optional":true,"computed":true},"auth_ldap_server_uri":{"type":"string","description":"URI to connect to LDAP server, such as \"ldap://ldap.example.com:389\" (non-SSL) or \"ldaps://ldap.example.com:636\" (SSL). Multiple LDAP servers may be specified by separating with spaces or commas. LDAP authentication is disabled if this parameter is empty.","description_kind":"plain","optional":true,"computed":true},"auth_ldap_start_tls":{"type":"bool","description":"Whether to enable TLS when the LDAP connection is not using SSL.","description_kind":"plain","optional":true,"computed":true},"auth_ldap_team_map":{"type":"string","description":"Mapping between team members (users) and LDAP groups. Configuration details are available in the documentation.","description_kind":"plain","optional":true,"computed":true},"auth_ldap_user_attr_map":{"type":"string","description":"Mapping of LDAP user schema to API user attributes. The default setting is valid for ActiveDirectory but users with other LDAP configurations may need to change the values. Refer to the documentation for additional details.","description_kind":"plain","optional":true,"computed":true},"auth_ldap_user_dn_template":{"type":"string","description":"Alternative to user search, if user DNs are all of the same format. This approach is more efficient for user lookups than searching if it is usable in your organizational environment. If this setting has a value it will be used instead of AUTH_LDAP_USER_SEARCH.","description_kind":"plain","optional":true,"computed":true},"auth_ldap_user_flags_by_group":{"type":"string","description":"Retrieve users from a given group. At this time, superuser and system auditors are the only groups supported. Refer to the documentation for more detail.","description_kind":"plain","optional":true,"computed":true},"auth_ldap_user_search":{"type":["list","string"],"description":"LDAP search query to find users.  Any user that matches the given pattern will be able to login to the service.  The user should also be mapped into an organization (as defined in the AUTH_LDAP_ORGANIZATION_MAP setting).  If multiple search queries need to be supported use of \"LDAPUnion\" is possible. See the documentation for details.","description_kind":"plain","optional":true,"computed":true}},"description_kind":"plain"}},"awx_settings_auth_saml":{"version":0,"block":{"attributes":{"saml_auto_create_objects":{"type":"bool","description":"When enabled (the default), mapped Organizations and Teams will be created automatically on successful SAML login.","description_kind":"plain","optional":true,"computed":true},"social_auth_saml_callback_url":{"type":"string","description":"Register the service as a service provider (SP) with each identity provider (IdP) you have configured. Provide your SP Entity ID and this ACS URL for your application.","description_kind":"plain","computed":true},"social_auth_saml_enabled_idps":{"type":"string","description":"Configure the Entity ID, SSO URL and certificate for each identity provider (IdP) in use. Multiple SAML IdPs are supported. Some IdPs may provide user data using attribute names that differ from the default OIDs. Attribute names may be overridden for each IdP. Refer to the Ansible documentation for additional details and syntax.","description_kind":"plain","optional":true,"computed":true},"social_auth_saml_extra_data":{"type":["list","string"],"description":"A list of tuples that maps IDP attributes to extra_attributes. Each attribute will be a list of values, even if only 1 value.","description_kind":"plain","optional":true,"computed":true},"social_auth_saml_metadata_url":{"type":"string","description":"If your identity provider (IdP) allows uploading an XML metadata file, you can download one from this URL.","description_kind":"plain","computed":true},"social_auth_saml_org_info":{"type":"string","description":"Provide the URL, display name, and the name of your app. Refer to the documentation for example syntax.","description_kind":"plain","optional":true,"computed":true},"social_auth_saml_organization_attr":{"type":"string","description":"Used to translate user organization membership.","description_kind":"plain","optional":true,"computed":true},"social_auth_saml_organization_map":{"type":"string","description":"Mapping to organization admins/users from social auth accounts. This setting\ncontrols which users are placed into which organizations based on their\nusername and email address. Configuration details are available in the\ndocumentation.","description_kind":"plain","optional":true,"computed":true},"social_auth_saml_security_config":{"type":"string","description":"A dict of key value pairs that are passed to the underlying python-saml security setting https://github.com/onelogin/python-saml#settings","description_kind":"plain","optional":true,"computed":true},"social_auth_saml_sp_entity_id":{"type":"string","description":"The application-defined unique identifier used as the audience of the SAML service provider (SP) configuration. This is usually the URL for the service.","description_kind":"plain","optional":true,"computed":true},"social_auth_saml_sp_extra":{"type":"string","description":"A dict of key value pairs to be passed to the underlying python-saml Service Provider configuration setting.","description_kind":"plain","optional":true,"computed":true},"social_auth_saml_sp_private_key":{"type":"string","description":"Create a keypair to use as a service provider (SP) and include the private key content here.","description_kind":"plain","optional":true,"computed":true,"sensitive":true},"social_auth_saml_sp_public_cert":{"type":"string","description":"Create a keypair to use as a service provider (SP) and include the certificate content here.","description_kind":"plain","optional":true,"computed":true},"social_auth_saml_support_contact":{"type":"string","description":"Provide the name and email address of the support contact for your service provider. Refer to the documentation for example syntax.","description_kind":"plain","optional":true,"computed":true},"social_auth_saml_team_attr":{"type":"string","description":"Used to translate user team membership.","description_kind":"plain","optional":true,"computed":true},"social_auth_saml_team_map":{"type":"string","description":"Mapping of team members (users) from social auth accounts. Configuration\ndetails are available in the documentation.","description_kind":"plain","optional":true,"computed":true},"social_auth_saml_technical_contact":{"type":"string","description":"Provide the name and email address of the technical contact for your service provider. Refer to the documentation for example syntax.","description_kind":"plain","optional":true,"computed":true},"social_auth_saml_user_flags_by_attr":{"type":"string","description":"Used to map super users and system auditors from SAML.","description_kind":"plain","optional":true,"computed":true}},"description_kind":"plain"}},"awx_settings_jobs":{"version":0,"block":{"attributes":{"ad_hoc_commands":{"type":["list","string"],"description":"List of modules allowed to be used by ad-hoc jobs.","description_kind":"plain","optional":true,"computed":true},"allow_jinja_in_extra_vars":{"type":"string","description":"Ansible allows variable substitution via the Jinja2 templating language for --extra-vars. This poses a potential security risk where users with the ability to specify extra vars at job launch time can use Jinja2 templates to run arbitrary Python.  It is recommended that this value be set to \"template\" or \"never\".","description_kind":"plain","optional":true,"computed":true},"ansible_fact_cache_timeout":{"type":"number","description":"Maximum time, in seconds, that stored Ansible facts are considered valid since the last time they were modified. Only valid, non-stale, facts will be accessible by a playbook. Note, this does not influence the deletion of ansible_facts from the database. Use a value of 0 to indicate that no timeout should be imposed.","description_kind":"plain","optional":true,"computed":true},"awx_ansible_callback_plugins":{"type":["list","string"],"description":"List of paths to search for extra callback plugins to be used when running jobs. Enter one path per line.","description_kind":"plain","optional":true,"computed":true},"awx_collections_enabled":{"type":"bool","description":"Allows collections to be dynamically downloaded from a requirements.yml file for SCM projects.","description_kind":"plain","optional":true,"computed":true},"awx_isolation_base_path":{"type":"string","description":"The directory in which the service will create new temporary directories for job execution and isolation (such as credential files).","description_kind":"plain","optional":true,"computed":true},"awx_isolation_show_paths":{"type":["list","string"],"description":"List of paths that would otherwise be hidden to expose to isolated jobs. Enter one path per line. Volumes will be mounted from the execution node to the container. The supported format is HOST-DIR[:CONTAINER-DIR[:OPTIONS]]. ","description_kind":"plain","optional":true,"computed":true},"awx_mount_isolated_paths_on_k8s":{"type":"bool","description":"Expose paths via hostPath for the Pods created by a Container Group. HostPath volumes present many security risks, and it is a best practice to avoid the use of HostPaths when possible. ","description_kind":"plain","optional":true,"computed":true},"awx_roles_enabled":{"type":"bool","description":"Allows roles to be dynamically downloaded from a requirements.yml file for SCM projects.","description_kind":"plain","optional":true,"computed":true},"awx_runner_keepalive_seconds":{"type":"number","description":"Only applies to jobs running in a Container Group. If not 0, send a message every so-many seconds to keep connection open.","description_kind":"plain","optional":true,"computed":true},"awx_show_playbook_links":{"type":"bool","description":"Follow symbolic links when scanning for playbooks. Be aware that setting this to True can lead to infinite recursion if a link points to a parent directory of itself.","description_kind":"plain","optional":true,"computed":true},"awx_task_env":{"type":"string","description":"Additional environment variables set for playbook runs, inventory updates, project updates, and notification sending.","description_kind":"plain","optional":true,"computed":true},"default_container_run_options":{"type":["list","string"],"description":"List of options to pass to podman run example: ['--network', 'slirp4netns:enable_ipv6=true', '--log-level', 'debug']","description_kind":"plain","optional":true,"computed":true},"default_inventory_update_timeout":{"type":"number","description":"Maximum time in seconds to allow inventory updates to run. Use value of 0 to indicate that no timeout should be imposed. A timeout set on an individual inventory source will override this.","description_kind":"plain","optional":true,"computed":true},"default_job_idle_timeout":{"type":"number","description":"If no output is detected from ansible in this number of seconds the execution will be terminated. Use value of 0 to indicate that no idle timeout should be imposed.","description_kind":"plain","optional":true,"computed":true},"default_job_timeout":{"type":"number","description":"Maximum time in seconds to allow jobs to run. Use value of 0 to indicate that no timeout should be imposed. A timeout set on an individual job template will override this.","description_kind":"plain","optional":true,"computed":true},"default_project_update_timeout":{"type":"number","description":"Maximum time in seconds to allow project updates to run. Use value of 0 to indicate that no timeout should be imposed. A timeout set on an individual project will override this.","description_kind":"plain","optional":true,"computed":true},"event_stdout_max_bytes_display":{"type":"number","description":"Maximum Size of Standard Output in bytes to display for a single job or ad hoc command event. `stdout` will end with `…` when truncated.","description_kind":"plain","optional":true,"computed":true},"galaxy_ignore_certs":{"type":"bool","description":"If set to true, certificate validation will not be done when installing content from any Galaxy server.","description_kind":"plain","optional":true,"computed":true},"galaxy_task_env":{"type":"string","description":"Additional environment variables set for invocations of ansible-galaxy within project updates. Useful if you must use a proxy server for ansible-galaxy but not git.","description_kind":"plain","optional":true,"computed":true},"max_forks":{"type":"number","description":"Saving a Job Template with more than this number of forks will result in an error. When set to 0, no limit is applied.","description_kind":"plain","optional":true,"computed":true},"max_websocket_event_rate":{"type":"number","description":"Maximum number of messages to update the UI live job output with per second. Value of 0 means no limit.","description_kind":"plain","optional":true,"computed":true},"project_update_vvv":{"type":"bool","description":"Adds the CLI -vvv flag to ansible-playbook runs of project_update.yml used for project updates.","description_kind":"plain","optional":true,"computed":true},"schedule_max_jobs":{"type":"number","description":"Maximum number of the same job template that can be waiting to run when launching from a schedule before no more are created.","description_kind":"plain","optional":true,"computed":true},"stdout_max_bytes_display":{"type":"number","description":"Maximum Size of Standard Output in bytes to display before requiring the output be downloaded.","description_kind":"plain","optional":true,"computed":true}},"description_kind":"plain"}},"awx_settings_misc_authentication":{"version":0,"block":{"attributes":{"allow_metrics_for_anonymous_users":{"type":"bool","description":"If true, anonymous users are allowed to poll metrics.","description_kind":"plain","optional":true,"computed":true},"allow_oauth2_for_external_users":{"type":"bool","description":"For security reasons, users from external auth providers (LDAP, SAML, SSO, Radius, and others) are not allowed to create OAuth2 tokens. To change this behavior, enable this setting. Existing tokens will not be deleted when this setting is toggled off.","description_kind":"plain","optional":true,"computed":true},"auth_basic_enabled":{"type":"bool","description":"Enable HTTP Basic Auth for the API Browser.","description_kind":"plain","optional":true,"computed":true},"authentication_backends":{"type":["list","string"],"description":"List of authentication backends that are enabled based on license features and other authentication settings.","description_kind":"plain","computed":true},"disable_local_auth":{"type":"bool","description":"Controls whether users are prevented from using the built-in authentication system. You probably want to do this if you are using an LDAP or SAML integration.","description_kind":"plain","optional":true,"computed":true},"local_password_min_digits":{"type":"number","description":"Minimum number of digit characters required in a local password. 0 means no minimum","description_kind":"plain","optional":true,"computed":true},"local_password_min_length":{"type":"number","description":"Minimum number of characters required in a local password. 0 means no minimum","description_kind":"plain","optional":true,"computed":true},"local_password_min_special":{"type":"number","description":"Minimum number of special characters required in a local password. 0 means no minimum","description_kind":"plain","optional":true,"computed":true},"local_password_min_upper":{"type":"number","description":"Minimum number of uppercase characters required in a local password. 0 means no minimum","description_kind":"plain","optional":true,"computed":true},"login_redirect_override":{"type":"string","description":"URL to which unauthorized users will be redirected to log in.  If blank, users will be sent to the login page.","description_kind":"plain","optional":true,"computed":true},"oauth2_provider":{"type":"string","description":"Dictionary for customizing OAuth 2 timeouts, available items are `ACCESS_TOKEN_EXPIRE_SECONDS`, the duration of access tokens in the number of seconds, `AUTHORIZATION_CODE_EXPIRE_SECONDS`, the duration of authorization codes in the number of seconds, and `REFRESH_TOKEN_EXPIRE_SECONDS`, the duration of refresh tokens, after expired access tokens, in the number of seconds.","description_kind":"plain","optional":true,"computed":true},"session_cookie_age":{"type":"number","description":"Number of seconds that a user is inactive before they will need to login again.","description_kind":"plain","optional":true,"computed":true},"sessions_per_user":{"type":"number","description":"Maximum number of simultaneous logged in sessions a user may have. To disable enter -1.","description_kind":"plain","optional":true,"computed":true},"social_auth_organization_map":{"type":"string","description":"Mapping to organization admins/users from social auth accounts. This setting\ncontrols which users are placed into which organizations based on their\nusername and email address. Configuration details are available in the\ndocumentation.","description_kind":"plain","optional":true,"computed":true},"social_auth_team_map":{"type":"string","description":"Mapping of team members (users) from social auth accounts. Configuration\ndetails are available in the documentation.","description_kind":"plain","optional":true,"computed":true},"social_auth_user_fields":{"type":["list","string"],"description":"When set to an empty list `[]`, this setting prevents new user accounts from being created. Only users who have previously logged in using social auth or have a user account with a matching email address will be able to login.","description_kind":"plain","optional":true,"computed":true},"social_auth_username_is_full_email":{"type":"bool","description":"Enabling this setting will tell social auth to use the full Email as username instead of the full name","description_kind":"plain","optional":true,"computed":true}},"description_kind":"plain"}},"awx_settings_misc_logging":{"version":0,"block":{"attributes":{"api_400_error_log_format":{"type":"string","description":"The format of logged messages when an API 4XX error occurs, the following variables will be substituted: \nstatus_code - The HTTP status code of the error\nuser_name - The user name attempting to use the API\nurl_path - The URL path to the API endpoint called\nremote_addr - The remote address seen for the user\nerror - The error set by the api endpoint\nVariables need to be in the format {\u003cvariable name\u003e}.","description_kind":"plain","optional":true,"computed":true},"log_aggregator_action_max_disk_usage_gb":{"type":"number","description":"Amount of data to store (in gigabytes) if an rsyslog action takes time to process an incoming message (defaults to 1). Equivalent to the rsyslogd queue.maxdiskspace setting on the action (e.g. omhttp). It stores files in the directory specified by LOG_AGGREGATOR_MAX_DISK_USAGE_PATH.","description_kind":"plain","optional":true,"computed":true},"log_aggregator_action_queue_size":{"type":"number","description":"Defines how large the rsyslog action queue can grow in number of messages stored. This can have an impact on memory utilization. When the queue reaches 75% of this number, the queue will start writing to disk (queue.highWatermark in rsyslog). When it reaches 90%, NOTICE, INFO, and DEBUG messages will start to be discarded (queue.discardMark with queue.discardSeverity=5).","description_kind":"plain","optional":true,"computed":true},"log_aggregator_enabled":{"type":"bool","description":"Enable sending logs to external log aggregator.","description_kind":"plain","optional":true,"computed":true},"log_aggregator_host":{"type":"string","description":"Hostname/IP where external logs will be sent to.","description_kind":"plain","optional":true,"computed":true},"log_aggregator_individual_facts":{"type":"bool","description":"If set, system tracking facts will be sent for each package, service, or other item found in a scan, allowing for greater search query granularity. If unset, facts will be sent as a single dictionary, allowing for greater efficiency in fact processing.","description_kind":"plain","optional":true,"computed":true},"log_aggregator_level":{"type":"string","description":"Level threshold used by log handler. Severities from lowest to highest are DEBUG, INFO, WARNING, ERROR, CRITICAL. Messages less severe than the threshold will be ignored by log handler. (messages under category awx.anlytics ignore this setting)","description_kind":"plain","optional":true,"computed":true},"log_aggregator_loggers":{"type":["list","string"],"description":"List of loggers that will send HTTP logs to the collector, these can include any or all of: \nawx - service logs\nactivity_stream - activity stream records\njob_events - callback data from Ansible job events\nsystem_tracking - facts gathered from scan jobs\nbroadcast_websocket - errors pertaining to websockets broadcast metrics\n","description_kind":"plain","optional":true,"computed":true},"log_aggregator_max_disk_usage_path":{"type":"string","description":"Location to persist logs that should be retried after an outage of the external log aggregator (defaults to /var/lib/awx). Equivalent to the rsyslogd queue.spoolDirectory setting.","description_kind":"plain","optional":true,"computed":true},"log_aggregator_password":{"type":"string","description":"Password or authentication token for external log aggregator (if required; HTTP/s only).","description_kind":"plain","optional":true,"computed":true},"log_aggregator_port":{"type":"number","description":"Port on Logging Aggregator to send logs to (if required and not provided in Logging Aggregator).","description_kind":"plain","optional":true,"computed":true},"log_aggregator_protocol":{"type":"string","description":"Protocol used to communicate with log aggregator.  HTTPS/HTTP assumes HTTPS unless http:// is explicitly used in the Logging Aggregator hostname.","description_kind":"plain","optional":true,"computed":true},"log_aggregator_rsyslogd_debug":{"type":"bool","description":"Enabled high verbosity debugging for rsyslogd.  Useful for debugging connection issues for external log aggregation.","description_kind":"plain","optional":true,"computed":true},"log_aggregator_tcp_timeout":{"type":"number","description":"Number of seconds for a TCP connection to external log aggregator to timeout. Applies to HTTPS and TCP log aggregator protocols.","description_kind":"plain","optional":true,"computed":true},"log_aggregator_tower_uuid":{"type":"string","description":"Useful to uniquely identify instances.","description_kind":"plain","optional":true,"computed":true},"log_aggregator_type":{"type":"string","description":"Format messages for the chosen log aggregator.","description_kind":"plain","optional":true,"computed":true},"log_aggregator_username":{"type":"string","description":"Username for external log aggregator (if required; HTTP/s only).","description_kind":"plain","optional":true,"computed":true},"log_aggregator_verify_cert":{"type":"bool","description":"Flag to control enable/disable of certificate verification when LOG_AGGREGATOR_PROTOCOL is \"https\". If enabled, the log handler will verify certificate sent by external log aggregator before establishing connection.","description_kind":"plain","optional":true,"computed":true}},"description_kind":"plain"}},"awx_settings_misc_system":{"version":0,"block":{"attributes":{"activity_stream_enabled":{"type":"bool","description":"Enable capturing activity for the activity stream.","description_kind":"plain","optional":true,"computed":true},"activity_stream_enabled_for_inventory_sync":{"type":"bool","description":"Enable capturing activity for the activity stream when running inventory sync.","description_kind":"plain","optional":true,"computed":true},"automation_analytics_gather_interval":{"type":"number","description":"Interval (in seconds) between data gathering.","description_kind":"plain","optional":true,"computed":true},"automation_analytics_last_entries":{"type":"string","description":"Last gathered entries from the data collection service of Automation Analytics","description_kind":"plain","optional":true,"computed":true},"automation_analytics_last_gather":{"type":"string","description_kind":"plain","computed":true},"automation_analytics_url":{"type":"string","description":"This setting is used to to configure the upload URL for data collection for Automation Analytics.","description_kind":"plain","optional":true,"computed":true},"cleanup_host_metrics_last_ts":{"type":"string","description_kind":"plain","computed":true},"csrf_trusted_origins":{"type":["list","string"],"description":"If the service is behind a reverse proxy/load balancer, use this setting to configure the schema://addresses from which the service should trust Origin header values. ","description_kind":"plain","optional":true,"computed":true},"custom_venv_paths":{"type":["list","string"],"description":"Paths where Tower will look for custom virtual environments (in addition to /var/lib/awx/venv/). Enter one path per line.","description_kind":"plain","computed":true},"default_control_plane_queue_name":{"type":"string","description_kind":"plain","computed":true},"default_execution_environment":{"type":"number","description":"The Execution Environment to be used when one has not been configured for a job template.","description_kind":"plain","optional":true,"computed":true},"default_execution_queue_name":{"type":"string","description_kind":"plain","computed":true},"host_metric_summary_task_last_ts":{"type":"string","description_kind":"plain","computed":true},"insights_tracking_state":{"type":"bool","description":"Enables the service to gather data on automation and send it to Automation Analytics.","description_kind":"plain","optional":true,"computed":true},"install_uuid":{"type":"string","description_kind":"plain","computed":true},"is_k8s":{"type":"bool","description":"Indicates whether the instance is part of a kubernetes-based deployment.","description_kind":"plain","computed":true},"license":{"type":"string","description":"The license controls which features and functionality are enabled. Use /api/v2/config/ to update or change the license.","description_kind":"plain","computed":true},"manage_organization_auth":{"type":"bool","description":"Controls whether any Organization Admin has the privileges to create and manage users and teams. You may want to disable this ability if you are using an LDAP or SAML integration.","description_kind":"plain","optional":true,"computed":true},"org_admins_can_see_all_users":{"type":"bool","description":"Controls whether any Organization Admin can view all users and teams, even those not associated with their Organization.","description_kind":"plain","optional":true,"computed":true},"proxy_ip_allowed_list":{"type":["list","string"],"description":"If the service is behind a reverse proxy/load balancer, use this setting to configure the proxy IP addresses from which the service should trust custom REMOTE_HOST_HEADERS header values. If this setting is an empty list (the default), the headers specified by REMOTE_HOST_HEADERS will be trusted unconditionally')","description_kind":"plain","optional":true,"computed":true},"redhat_password":{"type":"string","description":"This password is used to send data to Automation Analytics","description_kind":"plain","optional":true,"computed":true},"redhat_username":{"type":"string","description":"This username is used to send data to Automation Analytics","description_kind":"plain","optional":true,"computed":true},"remote_host_headers":{"type":["list","string"],"description":"HTTP headers and meta keys to search to determine remote host name or IP. Add additional items to this list, such as \"HTTP_X_FORWARDED_FOR\", if behind a reverse proxy. See the \"Proxy Support\" section of the AAP Installation guide for more details.","description_kind":"plain","optional":true,"computed":true},"subscription_usage_model":{"type":"string","description":"Defines subscription usage model and shows Host Metrics","description_kind":"plain","optional":true,"computed":true},"subscriptions_password":{"type":"string","description":"This password is used to retrieve subscription and content information","description_kind":"plain","optional":true,"computed":true},"subscriptions_username":{"type":"string","description":"This username is used to retrieve subscription and content information","description_kind":"plain","optional":true,"computed":true},"tower_url_base":{"type":"string","description":"This setting is used by services like notifications to render a valid url to the service.","description_kind":"plain","optional":true,"computed":true},"ui_next":{"type":"bool","description":"Enable preview of new user interface.","description_kind":"plain","optional":true,"computed":true}},"description_kind":"plain"}},"awx_settings_oidc":{"version":0,"block":{"attributes":{"social_auth_oidc_key":{"type":"string","description":"The OIDC key (Client ID) from your IDP.","description_kind":"plain","optional":true,"computed":true},"social_auth_oidc_oidc_endpoint":{"type":"string","description":"The URL for your OIDC provider including the path up to /.well-known/openid-configuration","description_kind":"plain","optional":true,"computed":true},"social_auth_oidc_secret":{"type":"string","description":"The OIDC secret (Client Secret) from your IDP.","description_kind":"plain","optional":true,"computed":true,"sensitive":true},"social_auth_oidc_verify_ssl":{"type":"bool","description":"Verify the OIDC provider ssl certificate.","description_kind":"plain","optional":true,"computed":true}},"description_kind":"plain"}},"awx_settings_ui":{"version":0,"block":{"attributes":{"custom_login_info":{"type":"string","description":"If needed, you can add specific information (such as a legal notice or a disclaimer) to a text box in the login modal using this setting. Any content added must be in plain text or an HTML fragment, as other markup languages are not supported.","description_kind":"plain","optional":true,"computed":true},"custom_logo":{"type":"string","description":"To set up a custom logo, provide a file that you create. For the custom logo to look its best, use a .png file with a transparent background. GIF, PNG and JPEG formats are supported.","description_kind":"plain","optional":true,"computed":true},"max_ui_job_events":{"type":"number","description":"Maximum number of job events for the UI to retrieve within a single request.","description_kind":"plain","optional":true,"computed":true},"pendo_tracking_state":{"type":"string","description":"Enable or Disable User Analytics Tracking.","description_kind":"plain","computed":true},"ui_live_updates_enabled":{"type":"bool","description":"If disabled, the page will not refresh when events are received. Reloading the page will be required to get the latest details.","description_kind":"plain","optional":true,"computed":true}},"description_kind":"plain"}},"awx_team":{"version":0,"block":{"attributes":{"description":{"type":"string","description":"Optional description of this team.","description_kind":"plain","optional":true,"computed":true},"id":{"type":"number","description":"Database ID for this team.","description_kind":"plain","computed":true},"name":{"type":"string","description":"Name of this team.","description_kind":"plain","required":true},"organization":{"type":"number","description":"Organization","description_kind":"plain","required":true}},"description_kind":"plain"}},"awx_team_associate_role":{"version":0,"block":{"attributes":{"role_id":{"type":"number","description":"Database ID of the role to assign.","description_kind":"plain","required":true},"team_id":{"type":"number","description":"Database ID for this Team.","description_kind":"plain","required":true}},"description_kind":"plain","deprecated":true}},"awx_token":{"version":0,"block":{"attributes":{"application":{"type":"number","description":"Application","description_kind":"plain","optional":true,"computed":true},"description":{"type":"string","description":"Optional description of this access token.","description_kind":"plain","optional":true,"computed":true},"expires":{"type":"string","description_kind":"plain","computed":true},"id":{"type":"number","description":"Database ID for this access token.","description_kind":"plain","computed":true},"refresh_token":{"type":"string","description_kind":"plain","computed":true},"scope":{"type":"string","description":"Allowed scopes, further restricts user's permissions. Must be a simple space-separated string with allowed scopes ['read', 'write'].","description_kind":"plain","optional":true,"computed":true},"token":{"type":"string","description_kind":"plain","computed":true},"user":{"type":"number","description":"The user representing the token owner","description_kind":"plain","computed":true}},"description_kind":"plain"}},"awx_user":{"version":0,"block":{"attributes":{"email":{"type":"string","description":"Email address","description_kind":"plain","optional":true,"computed":true},"external_account":{"type":"string","description":"Set if the account is managed by an external service","description_kind":"plain","computed":true},"first_name":{"type":"string","description":"First name","description_kind":"plain","optional":true,"computed":true},"id":{"type":"number","description":"Database ID for this user.","description_kind":"plain","computed":true},"is_superuser":{"type":"bool","description":"Designates that this user has all permissions without explicitly assigning them.","description_kind":"plain","optional":true,"computed":true},"is_system_auditor":{"type":"bool","description":"Is system auditor","description_kind":"plain","optional":true,"computed":true},"last_login":{"type":"string","description_kind":"plain","computed":true},"last_name":{"type":"string","description":"Last name","description_kind":"plain","optional":true,"computed":true},"ldap_dn":{"type":"string","description_kind":"plain","computed":true},"password":{"type":"string","description":"Field used to change the password.","description_kind":"plain","optional":true,"computed":true,"sensitive":true},"username":{"type":"string","description":"Required. 150 characters or fewer. Letters, digits and @/./+/-/_ only.","description_kind":"plain","required":true}},"description_kind":"plain"}},"awx_user_associate_role":{"version":0,"block":{"attributes":{"role_id":{"type":"number","description":"Database ID of the role to assign.","description_kind":"plain","required":true},"user_id":{"type":"number","description":"Database ID for this User.","description_kind":"plain","required":true}},"description_kind":"plain"}},"awx_workflow_job_template":{"version":0,"block":{"attributes":{"allow_simultaneous":{"type":"bool","description":"Allow simultaneous","description_kind":"plain","optional":true,"computed":true},"ask_inventory_on_launch":{"type":"bool","description":"Ask inventory on launch","description_kind":"plain","optional":true,"computed":true},"ask_labels_on_launch":{"type":"bool","description":"Ask labels on launch","description_kind":"plain","optional":true,"computed":true},"ask_limit_on_launch":{"type":"bool","description":"Ask limit on launch","description_kind":"plain","optional":true,"computed":true},"ask_scm_branch_on_launch":{"type":"bool","description":"Ask scm branch on launch","description_kind":"plain","optional":true,"computed":true},"ask_skip_tags_on_launch":{"type":"bool","description":"Ask skip tags on launch","description_kind":"plain","optional":true,"computed":true},"ask_tags_on_launch":{"type":"bool","description":"Ask tags on launch","description_kind":"plain","optional":true,"computed":true},"ask_variables_on_launch":{"type":"bool","description":"Ask variables on launch","description_kind":"plain","optional":true,"computed":true},"description":{"type":"string","description":"Optional description of this workflow job template.","description_kind":"plain","optional":true,"computed":true},"extra_vars":{"type":"string","description":"Extra vars","description_kind":"plain","optional":true,"computed":true},"id":{"type":"number","description":"Database ID for this workflow job template.","description_kind":"plain","computed":true},"inventory":{"type":"number","description":"Inventory applied as a prompt, assuming job template prompts for inventory","description_kind":"plain","optional":true,"computed":true},"job_tags":{"type":"string","description":"Job tags","description_kind":"plain","optional":true,"computed":true},"limit":{"type":"string","description":"Limit","description_kind":"plain","optional":true,"computed":true},"name":{"type":"string","description":"Name of this workflow job template.","description_kind":"plain","required":true},"organization":{"type":"number","description":"The organization used to determine access to this template.","description_kind":"plain","optional":true,"computed":true},"scm_branch":{"type":"string","description":"Scm branch","description_kind":"plain","optional":true,"computed":true},"skip_tags":{"type":"string","description":"Skip tags","description_kind":"plain","optional":true,"computed":true},"survey_enabled":{"type":"bool","description":"Survey enabled","description_kind":"plain","optional":true,"computed":true},"webhook_credential":{"type":"number","description":"Personal Access Token for posting back the status to the service API","description_kind":"plain","optional":true,"computed":true},"webhook_service":{"type":"string","description":"Service that webhook requests will be accepted from","description_kind":"plain","optional":true,"computed":true}},"description_kind":"plain"}},"awx_workflow_job_template_associate_notification_template":{"version":0,"block":{"attributes":{"notification_template_id":{"type":"number","description":"Database ID of the notificationtemplate to assign.","description_kind":"plain","required":true},"option":{"type":"string","description":"Notification Option","description_kind":"plain","required":true},"workflow_job_template_id":{"type":"number","description":"Database ID for this WorkflowJobTemplate.","description_kind":"plain","required":true}},"description_kind":"plain","deprecated":true}},"awx_workflow_job_template_survey_spec":{"version":0,"block":{"attributes":{"spec":{"type":"string","description":"The survey spec for this WorkflowJobTemplate.","description_kind":"plain","required":true},"workflow_job_template_id":{"type":"number","description":"Database ID for this WorkflowJobTemplate.","description_kind":"plain","required":true}},"description_kind":"plain"}}},"data_source_schemas":{"awx_ad_hoc_command":{"version":0,"block":{"attributes":{"become_enabled":{"type":"bool","description":"Become enabled","description_kind":"plain","computed":true},"canceled_on":{"type":"string","description":"The date and time when the cancel request was sent.","description_kind":"plain","computed":true},"controller_node":{"type":"string","description":"The instance that managed the execution environment.","description_kind":"plain","computed":true},"credential":{"type":"number","description":"Credential","description_kind":"plain","computed":true},"diff_mode":{"type":"bool","description":"Diff mode","description_kind":"plain","computed":true},"elapsed":{"type":"number","description":"Elapsed time in seconds that the job ran.","description_kind":"plain","computed":true},"execution_environment":{"type":"number","description":"The container image to be used for execution.","description_kind":"plain","computed":true},"execution_node":{"type":"string","description":"The node the job executed on.","description_kind":"plain","computed":true},"extra_vars":{"type":"string","description":"Extra vars","description_kind":"plain","computed":true},"failed":{"type":"bool","description":"Failed","description_kind":"plain","computed":true},"finished":{"type":"string","description":"The date and time the job finished execution.","description_kind":"plain","computed":true},"forks":{"type":"number","description":"Forks","description_kind":"plain","computed":true},"id":{"type":"number","description":"Database ID for this ad hoc command.","description_kind":"plain","optional":true,"computed":true},"inventory":{"type":"number","description":"Inventory","description_kind":"plain","computed":true},"job_explanation":{"type":"string","description":"A status field to indicate the state of the job if it wasn't able to run and capture stdout","description_kind":"plain","computed":true},"job_type":{"type":"string","description":"Job type","description_kind":"plain","computed":true},"launch_type":{"type":"string","description":"Launch type","description_kind":"plain","computed":true},"launched_by":{"type":"number","description":"Launched by","description_kind":"plain","computed":true},"limit":{"type":"string","description":"Limit","description_kind":"plain","computed":true},"module_args":{"type":"string","description":"Module args","description_kind":"plain","computed":true},"module_name":{"type":"string","description":"Module name","description_kind":"plain","computed":true},"name":{"type":"string","description":"Name of this ad hoc command.","description_kind":"plain","optional":true,"computed":true},"started":{"type":"string","description":"The date and time the job was queued for starting.","description_kind":"plain","computed":true},"status":{"type":"string","description":"Status","description_kind":"plain","computed":true},"verbosity":{"type":"string","description":"Verbosity","description_kind":"plain","computed":true},"work_unit_id":{"type":"string","description":"The Receptor work unit ID associated with this job.","description_kind":"plain","computed":true}},"description_kind":"plain"}},"awx_application":{"version":0,"block":{"attributes":{"authorization_grant_type":{"type":"string","description":"The Grant type the user must use for acquire tokens for this application.","description_kind":"plain","computed":true},"client_id":{"type":"string","description":"Client id","description_kind":"plain","computed":true},"client_secret":{"type":"string","description":"Used for more stringent verification of access to an application when creating a token.","description_kind":"plain","computed":true,"sensitive":true},"client_type":{"type":"string","description":"Set to Public or Confidential depending on how secure the client device is.","description_kind":"plain","computed":true},"description":{"type":"string","description":"Optional description of this application.","description_kind":"plain","computed":true},"id":{"type":"number","description":"Database ID for this application.","description_kind":"plain","optional":true,"computed":true},"name":{"type":"string","description":"Name of this application.","description_kind":"plain","optional":true,"computed":true},"organization":{"type":"number","description":"Organization containing this application.","description_kind":"plain","optional":true,"computed":true},"redirect_uris":{"type":"string","description":"Allowed URIs list, space separated","description_kind":"plain","computed":true},"skip_authorization":{"type":"bool","description":"Set True to skip authorization step for completely trusted applications.","description_kind":"plain","computed":true}},"description_kind":"plain"}},"awx_constructed_inventories":{"version":0,"block":{"attributes":{"description":{"type":"string","description":"Optional description of this inventory.","description_kind":"plain","computed":true},"has_active_failures":{"type":"bool","description":"Flag indicating whether any hosts in this inventory have failed.","description_kind":"plain","deprecated":true,"computed":true},"has_inventory_sources":{"type":"bool","description":"Flag indicating whether this inventory has any external inventory sources.","description_kind":"plain","deprecated":true,"computed":true},"hosts_with_active_failures":{"type":"number","description":"Number of hosts in this inventory with active failures.","description_kind":"plain","deprecated":true,"computed":true},"id":{"type":"number","description":"Database ID for this inventory.","description_kind":"plain","optional":true,"computed":true},"inventory_sources_with_failures":{"type":"number","description":"Number of external inventory sources in this inventory with failures.","description_kind":"plain","computed":true},"kind":{"type":"string","description":"Kind of inventory being represented.","description_kind":"plain","computed":true},"limit":{"type":"string","description":"The limit to restrict the returned hosts for the related auto-created inventory source, special to constructed inventory.","description_kind":"plain","computed":true},"name":{"type":"string","description":"Name of this inventory.","description_kind":"plain","optional":true,"computed":true},"organization":{"type":"number","description":"Organization containing this inventory.","description_kind":"plain","computed":true},"pending_deletion":{"type":"bool","description":"Flag indicating the inventory is being deleted.","description_kind":"plain","computed":true},"prevent_instance_group_fallback":{"type":"bool","description":"If enabled, the inventory will prevent adding any organization instance groups to the list of preferred instances groups to run associated job templates on.If this setting is enabled and you provided an empty list, the global instance groups will be applied.","description_kind":"plain","computed":true},"source_vars":{"type":"string","description":"The source_vars for the related auto-created inventory source, special to constructed inventory.","description_kind":"plain","computed":true},"total_groups":{"type":"number","description":"Total number of groups in this inventory.","description_kind":"plain","deprecated":true,"computed":true},"total_hosts":{"type":"number","description":"Total number of hosts in this inventory.","description_kind":"plain","deprecated":true,"computed":true},"total_inventory_sources":{"type":"number","description":"Total number of external inventory sources configured within this inventory.","description_kind":"plain","computed":true},"update_cache_timeout":{"type":"number","description":"The cache timeout for the related auto-created inventory source, special to constructed inventory","description_kind":"plain","computed":true},"variables":{"type":"string","description":"Inventory variables in JSON or YAML format.","description_kind":"plain","computed":true},"verbosity":{"type":"number","description":"The verbosity level for the related auto-created inventory source, special to constructed inventory","description_kind":"plain","computed":true}},"description_kind":"plain"}},"awx_constructed_inventories_object_roles":{"version":0,"block":{"attributes":{"id":{"type":"number","description":"ConstructedInventories ID","description_kind":"plain","required":true},"roles":{"type":["map","number"],"description":"Roles for constructed_inventories","description_kind":"plain","computed":true}},"description_kind":"plain","deprecated":true}},"awx_credential":{"version":0,"block":{"attributes":{"cloud":{"type":"bool","description":"Cloud","description_kind":"plain","computed":true},"credential_type":{"type":"number","description":"Specify the type of credential you want to create. Refer to the documentation for details on each type.","description_kind":"plain","computed":true},"description":{"type":"string","description":"Optional description of this credential.","description_kind":"plain","computed":true},"id":{"type":"number","description":"Database ID for this credential.","description_kind":"plain","optional":true,"computed":true},"inputs":{"type":"string","description":"Enter inputs using either JSON or YAML syntax. Refer to the documentation for example syntax.","description_kind":"plain","computed":true},"kind":{"type":"string","description":"Kind","description_kind":"plain","computed":true},"kubernetes":{"type":"bool","description":"Kubernetes","description_kind":"plain","computed":true},"managed":{"type":"bool","description":"Managed","description_kind":"plain","computed":true},"name":{"type":"string","description":"Name of this credential.","description_kind":"plain","optional":true,"computed":true},"organization":{"type":"number","description":"Inherit permissions from organization roles. If provided on creation, do not give either user or team.","description_kind":"plain","computed":true},"team":{"type":"number","description":"Write-only field used to add team to owner role. If provided, do not give either user or organization. Only valid for creation.","description_kind":"plain","optional":true,"computed":true},"user":{"type":"number","description":"Write-only field used to add user to owner role. If provided, do not give either team or organization. Only valid for creation.","description_kind":"plain","optional":true,"computed":true}},"description_kind":"plain"}},"awx_credential_input_source":{"version":0,"block":{"attributes":{"description":{"type":"string","description":"Optional description of this credential input source.","description_kind":"plain","computed":true},"id":{"type":"number","description":"Database ID for this credential input source.","description_kind":"plain","optional":true,"computed":true},"input_field_name":{"type":"string","description":"Input field name","description_kind":"plain","computed":true},"metadata":{"type":"string","description":"Metadata","description_kind":"plain","computed":true},"source_credential":{"type":"number","description":"Source credential","description_kind":"plain","computed":true},"target_credential":{"type":"number","description":"Target credential","description_kind":"plain","computed":true}},"description_kind":"plain"}},"awx_credential_object_roles":{"version":0,"block":{"attributes":{"id":{"type":"number","description":"Credential ID","description_kind":"plain","required":true},"roles":{"type":["map","number"],"description":"Roles for credential","description_kind":"plain","computed":true}},"description_kind":"plain","deprecated":true}},"awx_credential_type":{"version":0,"block":{"attributes":{"description":{"type":"string","description":"Optional description of this credential type.","description_kind":"plain","computed":true},"id":{"type":"number","description":"Database ID for this credential type.","description_kind":"plain","optional":true,"computed":true},"injectors":{"type":"string","description":"Enter injectors using either JSON or YAML syntax. Refer to the documentation for example syntax.","description_kind":"plain","computed":true},"inputs":{"type":"string","description":"Enter inputs using either JSON or YAML syntax. Refer to the documentation for example syntax.","description_kind":"plain","computed":true},"kind":{"type":"string","description":"The credential type","description_kind":"plain","computed":true},"managed":{"type":"bool","description":"Is the resource managed","description_kind":"plain","computed":true},"name":{"type":"string","description":"Name of this credential type.","description_kind":"plain","optional":true,"computed":true},"namespace":{"type":"string","description":"The namespace to which the resource belongs to","description_kind":"plain","computed":true}},"description_kind":"plain"}},"awx_execution_environment":{"version":0,"block":{"attributes":{"credential":{"type":"number","description":"Credential","description_kind":"plain","computed":true},"description":{"type":"string","description":"Optional description of this execution environment.","description_kind":"plain","computed":true},"id":{"type":"number","description":"Database ID for this execution environment.","description_kind":"plain","optional":true,"computed":true},"image":{"type":"string","description":"The full image location, including the container registry, image name, and version tag.","description_kind":"plain","computed":true},"managed":{"type":"bool","description":"Managed","description_kind":"plain","computed":true},"name":{"type":"string","description":"Name of this execution environment.","description_kind":"plain","optional":true,"computed":true},"organization":{"type":"number","description":"The organization used to determine access to this execution environment.","description_kind":"plain","computed":true},"pull":{"type":"string","description":"Pull image before running?","description_kind":"plain","computed":true}},"description_kind":"plain"}},"awx_group":{"version":0,"block":{"attributes":{"description":{"type":"string","description":"Optional description of this group.","description_kind":"plain","computed":true},"id":{"type":"number","description":"Database ID for this group.","description_kind":"plain","optional":true,"computed":true},"inventory":{"type":"number","description":"Inventory","description_kind":"plain","computed":true},"name":{"type":"string","description":"Name of this group.","description_kind":"plain","computed":true},"variables":{"type":"string","description":"Group variables in JSON or YAML format.","description_kind":"plain","computed":true}},"description_kind":"plain"}},"awx_host":{"version":0,"block":{"attributes":{"description":{"type":"string","description":"Optional description of this host.","description_kind":"plain","computed":true},"enabled":{"type":"bool","description":"Is this host online and available for running jobs?","description_kind":"plain","computed":true},"id":{"type":"number","description":"Database ID for this host.","description_kind":"plain","optional":true,"computed":true},"instance_id":{"type":"string","description":"The value used by the remote inventory source to uniquely identify the host","description_kind":"plain","computed":true},"inventory":{"type":"number","description":"Inventory","description_kind":"plain","computed":true},"last_job":{"type":"number","description":"Last job","description_kind":"plain","computed":true},"last_job_host_summary":{"type":"number","description":"Last job host summary","description_kind":"plain","computed":true},"name":{"type":"string","description":"Name of this host.","description_kind":"plain","optional":true,"computed":true},"variables":{"type":"string","description":"Host variables in JSON or YAML format.","description_kind":"plain","computed":true}},"description_kind":"plain"}},"awx_host_object_roles":{"version":0,"block":{"attributes":{"id":{"type":"number","description":"Host ID","description_kind":"plain","required":true},"roles":{"type":["map","number"],"description":"Roles for host","description_kind":"plain","computed":true}},"description_kind":"plain","deprecated":true}},"awx_instance_group":{"version":0,"block":{"attributes":{"capacity":{"type":"number","description":"Capacity","description_kind":"plain","computed":true},"consumed_capacity":{"type":"number","description":"Consumed capacity","description_kind":"plain","computed":true},"credential":{"type":"number","description":"Credential","description_kind":"plain","computed":true},"id":{"type":"number","description":"Database ID for this instance group.","description_kind":"plain","optional":true,"computed":true},"instances":{"type":"number","description":"Instances","description_kind":"plain","computed":true},"is_container_group":{"type":"bool","description":"Indicates whether instances in this group are containerized.Containerized groups have a designated Openshift or Kubernetes cluster.","description_kind":"plain","computed":true},"jobs_running":{"type":"number","description":"Jobs running","description_kind":"plain","computed":true},"jobs_total":{"type":"number","description":"Count of all jobs that target this instance group","description_kind":"plain","computed":true},"max_concurrent_jobs":{"type":"number","description":"Maximum number of concurrent jobs to run on a group. When set to zero, no maximum is enforced.","description_kind":"plain","computed":true},"max_forks":{"type":"number","description":"Maximum number of forks to execute concurrently on a group. When set to zero, no maximum is enforced.","description_kind":"plain","computed":true},"name":{"type":"string","description":"Name of this instance group.","description_kind":"plain","optional":true,"computed":true},"percent_capacity_remaining":{"type":"number","description":"Percent capacity remaining","description_kind":"plain","computed":true},"pod_spec_override":{"type":"string","description":"Pod spec override","description_kind":"plain","computed":true},"policy_instance_list":{"type":"string","description":"List of exact-match Instances that will be assigned to this group","description_kind":"plain","computed":true},"policy_instance_minimum":{"type":"number","description":"Static minimum number of Instances that will be automatically assign to this group when new instances come online.","description_kind":"plain","computed":true},"policy_instance_percentage":{"type":"number","description":"Minimum percentage of all instances that will be automatically assigned to this group when new instances come online.","description_kind":"plain","computed":true}},"description_kind":"plain"}},"awx_instance_group_object_roles":{"version":0,"block":{"attributes":{"id":{"type":"number","description":"InstanceGroup ID","description_kind":"plain","required":true},"roles":{"type":["map","number"],"description":"Roles for instance_group","description_kind":"plain","computed":true}},"description_kind":"plain","deprecated":true}},"awx_inventory":{"version":0,"block":{"attributes":{"description":{"type":"string","description":"Optional description of this inventory.","description_kind":"plain","computed":true},"has_active_failures":{"type":"bool","description":"Flag indicating whether any hosts in this inventory have failed.","description_kind":"plain","deprecated":true,"computed":true},"has_inventory_sources":{"type":"bool","description":"Flag indicating whether this inventory has any external inventory sources.","description_kind":"plain","deprecated":true,"computed":true},"host_filter":{"type":"string","description":"Filter that will be applied to the hosts of this inventory.","description_kind":"plain","computed":true},"hosts_with_active_failures":{"type":"number","description":"Number of hosts in this inventory with active failures.","description_kind":"plain","deprecated":true,"computed":true},"id":{"type":"number","description":"Database ID for this inventory.","description_kind":"plain","optional":true,"computed":true},"inventory_sources_with_failures":{"type":"number","description":"Number of external inventory sources in this inventory with failures.","description_kind":"plain","computed":true},"kind":{"type":"string","description":"Kind of inventory being represented.","description_kind":"plain","computed":true},"name":{"type":"string","description":"Name of this inventory.","description_kind":"plain","optional":true,"computed":true},"organization":{"type":"number","description":"Organization containing this inventory.","description_kind":"plain","computed":true},"pending_deletion":{"type":"bool","description":"Flag indicating the inventory is being deleted.","description_kind":"plain","computed":true},"prevent_instance_group_fallback":{"type":"bool","description":"If enabled, the inventory will prevent adding any organization instance groups to the list of preferred instances groups to run associated job templates on.If this setting is enabled and you provided an empty list, the global instance groups will be applied.","description_kind":"plain","computed":true},"total_groups":{"type":"number","description":"Total number of groups in this inventory.","description_kind":"plain","deprecated":true,"computed":true},"total_hosts":{"type":"number","description":"Total number of hosts in this inventory.","description_kind":"plain","deprecated":true,"computed":true},"total_inventory_sources":{"type":"number","description":"Total number of external inventory sources configured within this inventory.","description_kind":"plain","computed":true},"variables":{"type":"string","description":"Inventory variables in JSON format","description_kind":"plain","computed":true}},"description_kind":"plain"}},"awx_inventory_object_roles":{"version":0,"block":{"attributes":{"id":{"type":"number","description":"Inventory ID","description_kind":"plain","required":true},"roles":{"type":["map","number"],"description":"Roles for inventory","description_kind":"plain","computed":true}},"description_kind":"plain","deprecated":true}},"awx_inventory_source":{"version":0,"block":{"attributes":{"credential":{"type":"number","description":"Cloud credential to use for inventory updates.","description_kind":"plain","computed":true},"description":{"type":"string","description":"Optional description of this inventory source.","description_kind":"plain","computed":true},"enabled_value":{"type":"string","description":"Only used when enabled_var is set. Value when the host is considered enabled. For example if enabled_var=\"status.power_state\"and enabled_value=\"powered_on\" with host variables:{   \"status\": {     \"power_state\": \"powered_on\",     \"created\": \"2020-08-04T18:13:04+00:00\",     \"healthy\": true    },    \"name\": \"foobar\",    \"ip_address\": \"192.168.2.1\"}The host would be marked enabled. If power_state where any value other than powered_on then the host would be disabled when imported. If the key is not found then the host will be enabled","description_kind":"plain","computed":true},"enabled_var":{"type":"string","description":"Retrieve the enabled state from the given dict of host variables. The enabled variable may be specified as \"foo.bar\", in which case the lookup will traverse into nested dicts, equivalent to: from_dict.get(\"foo\", {}).get(\"bar\", default)","description_kind":"plain","computed":true},"execution_environment":{"type":"number","description":"The container image to be used for execution.","description_kind":"plain","computed":true},"host_filter":{"type":"string","description":"Regex where only matching hosts will be imported.","description_kind":"plain","deprecated":true,"computed":true},"id":{"type":"number","description":"Database ID for this inventory source.","description_kind":"plain","optional":true,"computed":true},"inventory":{"type":"number","description":"Inventory","description_kind":"plain","computed":true},"limit":{"type":"string","description":"Enter host, group or pattern match","description_kind":"plain","computed":true},"name":{"type":"string","description":"Name of this inventory source.","description_kind":"plain","optional":true,"computed":true},"overwrite":{"type":"bool","description":"Overwrite local groups and hosts from remote inventory source.","description_kind":"plain","computed":true},"overwrite_vars":{"type":"bool","description":"Overwrite local variables from remote inventory source.","description_kind":"plain","computed":true},"scm_branch":{"type":"string","description":"Inventory source SCM branch. Project default used if blank. Only allowed if project allow_override field is set to true.","description_kind":"plain","computed":true},"source":{"type":"string","description":"Source","description_kind":"plain","computed":true},"source_path":{"type":"string","description":"Source path","description_kind":"plain","computed":true},"source_project":{"type":"number","description":"Project containing inventory file used as source.","description_kind":"plain","computed":true},"source_vars":{"type":"string","description":"Inventory source variables in YAML or JSON format.","description_kind":"plain","computed":true},"timeout":{"type":"number","description":"The amount of time (in seconds) to run before the task is canceled.","description_kind":"plain","computed":true},"update_cache_timeout":{"type":"number","description":"Update cache timeout","description_kind":"plain","computed":true},"update_on_launch":{"type":"bool","description":"Update on launch","description_kind":"plain","computed":true},"verbosity":{"type":"string","description":"Verbosity","description_kind":"plain","computed":true}},"description_kind":"plain"}},"awx_job_template":{"version":0,"block":{"attributes":{"allow_simultaneous":{"type":"bool","description":"Allow simultaneous","description_kind":"plain","computed":true},"ask_credential_on_launch":{"type":"bool","description":"Ask credential on launch","description_kind":"plain","computed":true},"ask_diff_mode_on_launch":{"type":"bool","description":"Ask diff mode on launch","description_kind":"plain","computed":true},"ask_execution_environment_on_launch":{"type":"bool","description":"Ask execution environment on launch","description_kind":"plain","computed":true},"ask_forks_on_launch":{"type":"bool","description":"Ask forks on launch","description_kind":"plain","computed":true},"ask_instance_groups_on_launch":{"type":"bool","description":"Ask instance groups on launch","description_kind":"plain","computed":true},"ask_inventory_on_launch":{"type":"bool","description":"Ask inventory on launch","description_kind":"plain","computed":true},"ask_job_slice_count_on_launch":{"type":"bool","description":"Ask job slice count on launch","description_kind":"plain","computed":true},"ask_job_type_on_launch":{"type":"bool","description":"Ask job type on launch","description_kind":"plain","computed":true},"ask_labels_on_launch":{"type":"bool","description":"Ask labels on launch","description_kind":"plain","computed":true},"ask_limit_on_launch":{"type":"bool","description":"Ask limit on launch","description_kind":"plain","computed":true},"ask_scm_branch_on_launch":{"type":"bool","description":"Ask scm branch on launch","description_kind":"plain","computed":true},"ask_skip_tags_on_launch":{"type":"bool","description":"Ask skip tags on launch","description_kind":"plain","computed":true},"ask_tags_on_launch":{"type":"bool","description":"Ask tags on launch","description_kind":"plain","computed":true},"ask_timeout_on_launch":{"type":"bool","description":"Ask timeout on launch","description_kind":"plain","computed":true},"ask_variables_on_launch":{"type":"bool","description":"Ask variables on launch","description_kind":"plain","computed":true},"ask_verbosity_on_launch":{"type":"bool","description":"Ask verbosity on launch","description_kind":"plain","computed":true},"become_enabled":{"type":"bool","description":"Become enabled","description_kind":"plain","computed":true},"description":{"type":"string","description":"Optional description of this job template.","description_kind":"plain","computed":true},"diff_mode":{"type":"bool","description":"If enabled, textual changes made to any templated files on the host are shown in the standard output","description_kind":"plain","computed":true},"execution_environment":{"type":"number","description":"The container image to be used for execution.","description_kind":"plain","computed":true},"extra_vars":{"type":"string","description":"Extra vars","description_kind":"plain","computed":true},"force_handlers":{"type":"bool","description":"Force handlers","description_kind":"plain","computed":true},"forks":{"type":"number","description":"Forks","description_kind":"plain","computed":true},"host_config_key":{"type":"string","description":"Host config key","description_kind":"plain","computed":true},"id":{"type":"number","description":"Database ID for this job template.","description_kind":"plain","optional":true,"computed":true},"inventory":{"type":"number","description":"Inventory","description_kind":"plain","computed":true},"job_slice_count":{"type":"number","description":"The number of jobs to slice into at runtime. Will cause the Job Template to launch a workflow if value is greater than 1.","description_kind":"plain","computed":true},"job_tags":{"type":"string","description":"Job tags","description_kind":"plain","computed":true},"job_type":{"type":"string","description":"Job type","description_kind":"plain","computed":true},"limit":{"type":"string","description":"Limit","description_kind":"plain","computed":true},"name":{"type":"string","description":"Name of this job template.","description_kind":"plain","optional":true,"computed":true},"organization":{"type":"number","description":"The organization used to determine access to this template.","description_kind":"plain","computed":true},"playbook":{"type":"string","description":"Playbook","description_kind":"plain","computed":true},"prevent_instance_group_fallback":{"type":"bool","description":"If enabled, the job template will prevent adding any inventory or organization instance groups to the list of preferred instances groups to run on.If this setting is enabled and you provided an empty list, the global instance groups will be applied.","description_kind":"plain","computed":true},"project":{"type":"number","description":"Project","description_kind":"plain","computed":true},"scm_branch":{"type":"string","description":"Branch to use in job run. Project default used if blank. Only allowed if project allow_override field is set to true.","description_kind":"plain","computed":true},"skip_tags":{"type":"string","description":"Skip tags","description_kind":"plain","computed":true},"start_at_task":{"type":"string","description":"Start at task","description_kind":"plain","computed":true},"survey_enabled":{"type":"bool","description":"Survey enabled","description_kind":"plain","computed":true},"timeout":{"type":"number","description":"The amount of time (in seconds) to run before the task is canceled.","description_kind":"plain","computed":true},"use_fact_cache":{"type":"bool","description":"If enabled, the service will act as an Ansible Fact Cache Plugin; persisting facts at the end of a playbook run to the database and caching facts for use by Ansible.","description_kind":"plain","computed":true},"verbosity":{"type":"string","description":"Verbosity","description_kind":"plain","computed":true},"webhook_credential":{"type":"number","description":"Personal Access Token for posting back the status to the service API","description_kind":"plain","computed":true},"webhook_service":{"type":"string","description":"Service that webhook requests will be accepted from","description_kind":"plain","computed":true}},"description_kind":"plain"}},"awx_job_template_object_roles":{"version":0,"block":{"attributes":{"id":{"type":"number","description":"JobTemplate ID","description_kind":"plain","required":true},"roles":{"type":["map","number"],"description":"Roles for job_template","description_kind":"plain","computed":true}},"description_kind":"plain","deprecated":true}},"awx_label":{"version":0,"block":{"attributes":{"id":{"type":"number","description":"Database ID for this label.","description_kind":"plain","optional":true,"computed":true},"name":{"type":"string","description":"Name of this label.","description_kind":"plain","optional":true,"computed":true},"organization":{"type":"number","description":"Organization this label belongs to.","description_kind":"plain","optional":true,"computed":true}},"description_kind":"plain"}},"awx_me":{"version":0,"block":{"attributes":{"email":{"type":"string","description":"Email address","description_kind":"plain","computed":true},"external_account":{"type":"string","description":"Set if the account is managed by an external service","description_kind":"plain","computed":true},"first_name":{"type":"string","description":"First name","description_kind":"plain","computed":true},"id":{"type":"number","description":"Database ID for this user.","description_kind":"plain","computed":true},"is_superuser":{"type":"bool","description":"Designates that this user has all permissions without explicitly assigning them.","description_kind":"plain","computed":true},"is_system_auditor":{"type":"bool","description":"Is system auditor","description_kind":"plain","computed":true},"last_login":{"type":"string","description":"Last login","description_kind":"plain","computed":true},"last_name":{"type":"string","description":"Last name","description_kind":"plain","computed":true},"ldap_dn":{"type":"string","description":"Ldap dn","description_kind":"plain","computed":true},"username":{"type":"string","description":"Required. 150 characters or fewer. Letters, digits and @/./+/-/_ only.","description_kind":"plain","computed":true}},"description_kind":"plain"}},"awx_notification_template":{"version":0,"block":{"attributes":{"description":{"type":"string","description":"Optional description of this notification template.","description_kind":"plain","computed":true},"id":{"type":"number","description":"Database ID for this notification template.","description_kind":"plain","optional":true,"computed":true},"messages":{"type":"string","description":"Optional custom messages for notification template.","description_kind":"plain","computed":true},"name":{"type":"string","description":"Name of this notification template.","description_kind":"plain","optional":true,"computed":true},"notification_configuration":{"type":"string","description":"Notification configuration","description_kind":"plain","computed":true},"notification_type":{"type":"string","description":"Notification type","description_kind":"plain","computed":true},"organization":{"type":"number","description":"Organization","description_kind":"plain","computed":true}},"description_kind":"plain"}},"awx_organization":{"version":0,"block":{"attributes":{"default_environment":{"type":"number","description":"The default execution environment for jobs run by this organization.","description_kind":"plain","computed":true},"description":{"type":"string","description":"Optional description of this organization.","description_kind":"plain","computed":true},"id":{"type":"number","description":"Database ID for this organization.","description_kind":"plain","optional":true,"computed":true},"max_hosts":{"type":"number","description":"Maximum number of hosts allowed to be managed by this organization.","description_kind":"plain","computed":true},"name":{"type":"string","description":"Name of this organization.","description_kind":"plain","optional":true,"computed":true}},"description_kind":"plain"}},"awx_organization_object_roles":{"version":0,"block":{"attributes":{"id":{"type":"number","description":"Organization ID","description_kind":"plain","required":true},"roles":{"type":["map","number"],"description":"Roles for organization","description_kind":"plain","computed":true}},"description_kind":"plain","deprecated":true}},"awx_project":{"version":0,"block":{"attributes":{"allow_override":{"type":"bool","description":"Allow changing the SCM branch or revision in a job template that uses this project.","description_kind":"plain","computed":true},"credential":{"type":"number","description":"Credential","description_kind":"plain","computed":true},"default_environment":{"type":"number","description":"The default execution environment for jobs run using this project.","description_kind":"plain","computed":true},"description":{"type":"string","description":"Optional description of this project.","description_kind":"plain","computed":true},"id":{"type":"number","description":"Database ID for this project.","description_kind":"plain","optional":true,"computed":true},"local_path":{"type":"string","description":"Local path (relative to PROJECTS_ROOT) containing playbooks and related files for this project.","description_kind":"plain","computed":true},"name":{"type":"string","description":"Name of this project.","description_kind":"plain","computed":true},"organization":{"type":"number","description":"The organization used to determine access to this template.","description_kind":"plain","computed":true},"scm_branch":{"type":"string","description":"Specific branch, tag or commit to checkout.","description_kind":"plain","computed":true},"scm_clean":{"type":"bool","description":"Discard any local changes before syncing the project.","description_kind":"plain","computed":true},"scm_delete_on_update":{"type":"bool","description":"Delete the project before syncing.","description_kind":"plain","computed":true},"scm_refspec":{"type":"string","description":"For git projects, an additional refspec to fetch.","description_kind":"plain","computed":true},"scm_track_submodules":{"type":"bool","description":"Track submodules latest commits on defined branch.","description_kind":"plain","computed":true},"scm_type":{"type":"string","description":"Specifies the source control system used to store the project.","description_kind":"plain","computed":true},"scm_update_cache_timeout":{"type":"number","description":"The number of seconds after the last project update ran that a new project update will be launched as a job dependency.","description_kind":"plain","computed":true},"scm_update_on_launch":{"type":"bool","description":"Update the project when a job is launched that uses the project.","description_kind":"plain","computed":true},"scm_url":{"type":"string","description":"The location where the project is stored.","description_kind":"plain","computed":true},"signature_validation_credential":{"type":"number","description":"An optional credential used for validating files in the project against unexpected changes.","description_kind":"plain","computed":true},"timeout":{"type":"number","description":"The amount of time (in seconds) to run before the task is canceled.","description_kind":"plain","computed":true}},"description_kind":"plain"}},"awx_project_object_roles":{"version":0,"block":{"attributes":{"id":{"type":"number","description":"Project ID","description_kind":"plain","required":true},"roles":{"type":["map","number"],"description":"Roles for project","description_kind":"plain","computed":true}},"description_kind":"plain","deprecated":true}},"awx_schedule":{"version":0,"block":{"attributes":{"description":{"type":"string","description":"Optional description of this schedule.","description_kind":"plain","computed":true},"diff_mode":{"type":"bool","description":"Diff mode","description_kind":"plain","computed":true},"dtend":{"type":"string","description":"The last occurrence of the schedule occurs before this time, aftewards the schedule expires.","description_kind":"plain","computed":true},"dtstart":{"type":"string","description":"The first occurrence of the schedule occurs on or after this time.","description_kind":"plain","computed":true},"enabled":{"type":"bool","description":"Enables processing of this schedule.","description_kind":"plain","computed":true},"execution_environment":{"type":"number","description":"The container image to be used for execution.","description_kind":"plain","computed":true},"extra_data":{"type":"string","description":"Extra data","description_kind":"plain","computed":true},"forks":{"type":"number","description":"Forks","description_kind":"plain","computed":true},"id":{"type":"number","description":"Database ID for this schedule.","description_kind":"plain","optional":true,"computed":true},"inventory":{"type":"number","description":"Inventory applied as a prompt, assuming job template prompts for inventory","description_kind":"plain","computed":true},"job_slice_count":{"type":"number","description":"Job slice count","description_kind":"plain","computed":true},"job_tags":{"type":"string","description":"Job tags","description_kind":"plain","computed":true},"job_type":{"type":"string","description":"Job type","description_kind":"plain","computed":true},"limit":{"type":"string","description":"Limit","description_kind":"plain","computed":true},"name":{"type":"string","description":"Name of this schedule.","description_kind":"plain","computed":true},"next_run":{"type":"string","description":"The next time that the scheduled action will run.","description_kind":"plain","computed":true},"rrule":{"type":"string","description":"A value representing the schedules iCal recurrence rule.","description_kind":"plain","computed":true},"scm_branch":{"type":"string","description":"Scm branch","description_kind":"plain","computed":true},"skip_tags":{"type":"string","description":"Skip tags","description_kind":"plain","computed":true},"timeout":{"type":"number","description":"Timeout","description_kind":"plain","computed":true},"timezone":{"type":"string","description":"The timezone this schedule runs in. This field is extracted from the RRULE. If the timezone in the RRULE is a link to another timezone, the link will be reflected in this field.","description_kind":"plain","computed":true},"unified_job_template":{"type":"number","description":"Unified job template","description_kind":"plain","computed":true},"until":{"type":"string","description":"The date this schedule will end. This field is computed from the RRULE. If the schedule does not end an empty string will be returned","description_kind":"plain","computed":true},"verbosity":{"type":"string","description":"Verbosity","description_kind":"plain","computed":true}},"description_kind":"plain"}},"awx_settings_auth_azuread_oauth2":{"version":0,"block":{"attributes":{"social_auth_azuread_oauth2_callback_url":{"type":"string","description":"Provide this URL as the callback URL for your application as part of your registration process. Refer to the documentation for more detail. ","description_kind":"plain","computed":true},"social_auth_azuread_oauth2_key":{"type":"string","description":"The OAuth2 key (Client ID) from your Azure AD application.","description_kind":"plain","computed":true},"social_auth_azuread_oauth2_organization_map":{"type":"string","description":"Mapping to organization admins/users from social auth accounts. This setting\ncontrols which users are placed into which organizations based on their\nusername and email address. Configuration details are available in the\ndocumentation.","description_kind":"plain","computed":true},"social_auth_azuread_oauth2_secret":{"type":"string","description":"The OAuth2 secret (Client Secret) from your Azure AD application.","description_kind":"plain","computed":true,"sensitive":true},"social_auth_azuread_oauth2_team_map":{"type":"string","description":"Mapping of team members (users) from social auth accounts. Configuration\ndetails are available in the documentation.","description_kind":"plain","computed":true}},"description_kind":"plain"}},"awx_settings_auth_github":{"version":0,"block":{"attributes":{"social_auth_github_callback_url":{"type":"string","description":"Provide this URL as the callback URL for your application as part of your registration process. Refer to the documentation for more detail.","description_kind":"plain","computed":true},"social_auth_github_key":{"type":"string","description":"The OAuth2 key (Client ID) from your GitHub developer application.","description_kind":"plain","computed":true},"social_auth_github_organization_map":{"type":"string","description":"Mapping to organization admins/users from social auth accounts. This setting\ncontrols which users are placed into which organizations based on their\nusername and email address. Configuration details are available in the\ndocumentation.","description_kind":"plain","computed":true},"social_auth_github_secret":{"type":"string","description":"The OAuth2 secret (Client Secret) from your GitHub developer application.","description_kind":"plain","computed":true,"sensitive":true},"social_auth_github_team_map":{"type":"string","description":"Mapping of team members (users) from social auth accounts. Configuration\ndetails are available in the documentation.","description_kind":"plain","computed":true}},"description_kind":"plain"}},"awx_settings_auth_github_enterprise":{"version":0,"block":{"attributes":{"social_auth_github_enterprise_api_url":{"type":"string","description":"The API URL for your GitHub Enterprise instance, e.g.: http(s)://hostname/api/v3/. Refer to Github Enterprise documentation for more details.","description_kind":"plain","computed":true},"social_auth_github_enterprise_callback_url":{"type":"string","description":"Provide this URL as the callback URL for your application as part of your registration process. Refer to the documentation for more detail.","description_kind":"plain","computed":true},"social_auth_github_enterprise_key":{"type":"string","description":"The OAuth2 key (Client ID) from your GitHub Enterprise developer application.","description_kind":"plain","computed":true},"social_auth_github_enterprise_organization_map":{"type":"string","description":"Mapping to organization admins/users from social auth accounts. This setting\ncontrols which users are placed into which organizations based on their\nusername and email address. Configuration details are available in the\ndocumentation.","description_kind":"plain","computed":true},"social_auth_github_enterprise_secret":{"type":"string","description":"The OAuth2 secret (Client Secret) from your GitHub Enterprise developer application.","description_kind":"plain","computed":true,"sensitive":true},"social_auth_github_enterprise_team_map":{"type":"string","description":"Mapping of team members (users) from social auth accounts. Configuration\ndetails are available in the documentation.","description_kind":"plain","computed":true},"social_auth_github_enterprise_url":{"type":"string","description":"The URL for your Github Enterprise instance, e.g.: http(s)://hostname/. Refer to Github Enterprise documentation for more details.","description_kind":"plain","computed":true}},"description_kind":"plain"}},"awx_settings_auth_github_enterprise_org":{"version":0,"block":{"attributes":{"social_auth_github_enterprise_org_api_url":{"type":"string","description":"The API URL for your GitHub Enterprise instance, e.g.: http(s)://hostname/api/v3/. Refer to Github Enterprise documentation for more details.","description_kind":"plain","computed":true},"social_auth_github_enterprise_org_callback_url":{"type":"string","description":"Provide this URL as the callback URL for your application as part of your registration process. Refer to the documentation for more detail.","description_kind":"plain","computed":true},"social_auth_github_enterprise_org_key":{"type":"string","description":"The OAuth2 key (Client ID) from your GitHub Enterprise organization application.","description_kind":"plain","computed":true},"social_auth_github_enterprise_org_name":{"type":"string","description":"The name of your GitHub Enterprise organization, as used in your organization's URL: https://github.com/\u003cyourorg\u003e/.","description_kind":"plain","computed":true},"social_auth_github_enterprise_org_organization_map":{"type":"string","description":"Mapping to organization admins/users from social auth accounts. This setting\ncontrols which users are placed into which organizations based on their\nusername and email address. Configuration details are available in the\ndocumentation.","description_kind":"plain","computed":true},"social_auth_github_enterprise_org_secret":{"type":"string","description":"The OAuth2 secret (Client Secret) from your GitHub Enterprise organization application.","description_kind":"plain","computed":true,"sensitive":true},"social_auth_github_enterprise_org_team_map":{"type":"string","description":"Mapping of team members (users) from social auth accounts. Configuration\ndetails are available in the documentation.","description_kind":"plain","computed":true},"social_auth_github_enterprise_org_url":{"type":"string","description":"The URL for your Github Enterprise instance, e.g.: http(s)://hostname/. Refer to Github Enterprise documentation for more details.","description_kind":"plain","computed":true}},"description_kind":"plain"}},"awx_settings_auth_github_enterprise_team":{"version":0,"block":{"attributes":{"social_auth_github_enterprise_team_api_url":{"type":"string","description":"The API URL for your GitHub Enterprise instance, e.g.: http(s)://hostname/api/v3/. Refer to Github Enterprise documentation for more details.","description_kind":"plain","computed":true},"social_auth_github_enterprise_team_callback_url":{"type":"string","description":"Create an organization-owned application at https://github.com/organizations/\u003cyourorg\u003e/settings/applications and obtain an OAuth2 key (Client ID) and secret (Client Secret). Provide this URL as the callback URL for your application.","description_kind":"plain","computed":true},"social_auth_github_enterprise_team_id":{"type":"string","description":"Find the numeric team ID using the Github Enterprise API: http://fabian-kostadinov.github.io/2015/01/16/how-to-find-a-github-team-id/.","description_kind":"plain","computed":true},"social_auth_github_enterprise_team_key":{"type":"string","description":"The OAuth2 key (Client ID) from your GitHub Enterprise organization application.","description_kind":"plain","computed":true},"social_auth_github_enterprise_team_organization_map":{"type":"string","description":"Mapping to organization admins/users from social auth accounts. This setting\ncontrols which users are placed into which organizations based on their\nusername and email address. Configuration details are available in the\ndocumentation.","description_kind":"plain","computed":true},"social_auth_github_enterprise_team_secret":{"type":"string","description":"The OAuth2 secret (Client Secret) from your GitHub Enterprise organization application.","description_kind":"plain","computed":true,"sensitive":true},"social_auth_github_enterprise_team_team_map":{"type":"string","description":"Mapping of team members (users) from social auth accounts. Configuration\ndetails are available in the documentation.","description_kind":"plain","computed":true},"social_auth_github_enterprise_team_url":{"type":"string","description":"The URL for your Github Enterprise instance, e.g.: http(s)://hostname/. Refer to Github Enterprise documentation for more details.","description_kind":"plain","computed":true}},"description_kind":"plain"}},"awx_settings_auth_github_org":{"version":0,"block":{"attributes":{"social_auth_github_org_callback_url":{"type":"string","description":"Provide this URL as the callback URL for your application as part of your registration process. Refer to the documentation for more detail.","description_kind":"plain","computed":true},"social_auth_github_org_key":{"type":"string","description":"The OAuth2 key (Client ID) from your GitHub organization application.","description_kind":"plain","computed":true},"social_auth_github_org_name":{"type":"string","description":"The name of your GitHub organization, as used in your organization's URL: https://github.com/\u003cyourorg\u003e/.","description_kind":"plain","computed":true},"social_auth_github_org_organization_map":{"type":"string","description":"Mapping to organization admins/users from social auth accounts. This setting\ncontrols which users are placed into which organizations based on their\nusername and email address. Configuration details are available in the\ndocumentation.","description_kind":"plain","computed":true},"social_auth_github_org_secret":{"type":"string","description":"The OAuth2 secret (Client Secret) from your GitHub organization application.","description_kind":"plain","computed":true,"sensitive":true},"social_auth_github_org_team_map":{"type":"string","description":"Mapping of team members (users) from social auth accounts. Configuration\ndetails are available in the documentation.","description_kind":"plain","computed":true}},"description_kind":"plain"}},"awx_settings_auth_github_team":{"version":0,"block":{"attributes":{"social_auth_github_team_callback_url":{"type":"string","description":"Create an organization-owned application at https://github.com/organizations/\u003cyourorg\u003e/settings/applications and obtain an OAuth2 key (Client ID) and secret (Client Secret). Provide this URL as the callback URL for your application.","description_kind":"plain","computed":true},"social_auth_github_team_id":{"type":"string","description":"Find the numeric team ID using the Github API: http://fabian-kostadinov.github.io/2015/01/16/how-to-find-a-github-team-id/.","description_kind":"plain","computed":true},"social_auth_github_team_key":{"type":"string","description":"The OAuth2 key (Client ID) from your GitHub organization application.","description_kind":"plain","computed":true},"social_auth_github_team_organization_map":{"type":"string","description":"Mapping to organization admins/users from social auth accounts. This setting\ncontrols which users are placed into which organizations based on their\nusername and email address. Configuration details are available in the\ndocumentation.","description_kind":"plain","computed":true},"social_auth_github_team_secret":{"type":"string","description":"The OAuth2 secret (Client Secret) from your GitHub organization application.","description_kind":"plain","computed":true,"sensitive":true},"social_auth_github_team_team_map":{"type":"string","description":"Mapping of team members (users) from social auth accounts. Configuration\ndetails are available in the documentation.","description_kind":"plain","computed":true}},"description_kind":"plain"}},"awx_settings_auth_google_oauth2":{"version":0,"block":{"attributes":{"social_auth_google_oauth2_auth_extra_arguments":{"type":"string","description":"Extra arguments for Google OAuth2 login. You can restrict it to only allow a single domain to authenticate, even if the user is logged in with multple Google accounts. Refer to the documentation for more detail.","description_kind":"plain","computed":true},"social_auth_google_oauth2_callback_url":{"type":"string","description":"Provide this URL as the callback URL for your application as part of your registration process. Refer to the documentation for more detail.","description_kind":"plain","computed":true},"social_auth_google_oauth2_key":{"type":"string","description":"The OAuth2 key from your web application.","description_kind":"plain","computed":true},"social_auth_google_oauth2_organization_map":{"type":"string","description":"Mapping to organization admins/users from social auth accounts. This setting\ncontrols which users are placed into which organizations based on their\nusername and email address. Configuration details are available in the\ndocumentation.","description_kind":"plain","computed":true},"social_auth_google_oauth2_secret":{"type":"string","description":"The OAuth2 secret from your web application.","description_kind":"plain","computed":true,"sensitive":true},"social_auth_google_oauth2_team_map":{"type":"string","description":"Mapping of team members (users) from social auth accounts. Configuration\ndetails are available in the documentation.","description_kind":"plain","computed":true},"social_auth_google_oauth2_whitelisted_domains":{"type":["list","string"],"description":"Update this setting to restrict the domains who are allowed to login using Google OAuth2.","description_kind":"plain","computed":true}},"description_kind":"plain"}},"awx_settings_auth_ldap":{"version":0,"block":{"attributes":{"auth_ldap_1_bind_dn":{"type":"string","description":"DN (Distinguished Name) of user to bind for all search queries. This is the system user account we will use to login to query LDAP for other user information. Refer to the documentation for example syntax.","description_kind":"plain","computed":true},"auth_ldap_1_bind_password":{"type":"string","description":"Password used to bind LDAP user account.","description_kind":"plain","computed":true,"sensitive":true},"auth_ldap_1_connection_options":{"type":"string","description":"Additional options to set for the LDAP connection.  LDAP referrals are disabled by default (to prevent certain LDAP queries from hanging with AD). Option names should be strings (e.g. \"OPT_REFERRALS\"). Refer to https://www.python-ldap.org/doc/html/ldap.html#options for possible options and values that can be set.","description_kind":"plain","computed":true},"auth_ldap_1_deny_group":{"type":"string","description":"Group DN denied from login. If specified, user will not be allowed to login if a member of this group.  Only one deny group is supported.","description_kind":"plain","computed":true},"auth_ldap_1_group_search":{"type":["list","string"],"description":"Users are mapped to organizations based on their membership in LDAP groups. This setting defines the LDAP search query to find groups. Unlike the user search, group search does not support LDAPSearchUnion.","description_kind":"plain","computed":true},"auth_ldap_1_group_type":{"type":"string","description":"The group type may need to be changed based on the type of the LDAP server.  Values are listed at: https://django-auth-ldap.readthedocs.io/en/stable/groups.html#types-of-groups","description_kind":"plain","computed":true},"auth_ldap_1_group_type_params":{"type":"string","description":"Key value parameters to send the chosen group type init method.","description_kind":"plain","computed":true},"auth_ldap_1_organization_map":{"type":"string","description":"Mapping between organization admins/users and LDAP groups. This controls which users are placed into which organizations relative to their LDAP group memberships. Configuration details are available in the documentation.","description_kind":"plain","computed":true},"auth_ldap_1_require_group":{"type":"string","description":"Group DN required to login. If specified, user must be a member of this group to login via LDAP. If not set, everyone in LDAP that matches the user search will be able to login to the service. Only one require group is supported.","description_kind":"plain","computed":true},"auth_ldap_1_server_uri":{"type":"string","description":"URI to connect to LDAP server, such as \"ldap://ldap.example.com:389\" (non-SSL) or \"ldaps://ldap.example.com:636\" (SSL). Multiple LDAP servers may be specified by separating with spaces or commas. LDAP authentication is disabled if this parameter is empty.","description_kind":"plain","computed":true},"auth_ldap_1_start_tls":{"type":"bool","description":"Whether to enable TLS when the LDAP connection is not using SSL.","description_kind":"plain","computed":true},"auth_ldap_1_team_map":{"type":"string","description":"Mapping between team members (users) and LDAP groups. Configuration details are available in the documentation.","description_kind":"plain","computed":true},"auth_ldap_1_user_attr_map":{"type":"string","description":"Mapping of LDAP user schema to API user attributes. The default setting is valid for ActiveDirectory but users with other LDAP configurations may need to change the values. Refer to the documentation for additional details.","description_kind":"plain","computed":true},"auth_ldap_1_user_dn_template":{"type":"string","description":"Alternative to user search, if user DNs are all of the same format. This approach is more efficient for user lookups than searching if it is usable in your organizational environment. If this setting has a value it will be used instead of AUTH_LDAP_USER_SEARCH.","description_kind":"plain","computed":true},"auth_ldap_1_user_flags_by_group":{"type":"string","description":"Retrieve users from a given group. At this time, superuser and system auditors are the only groups supported. Refer to the documentation for more detail.","description_kind":"plain","computed":true},"auth_ldap_1_user_search":{"type":["list","string"],"description":"LDAP search query to find users.  Any user that matches the given pattern will be able to login to the service.  The user should also be mapped into an organization (as defined in the AUTH_LDAP_ORGANIZATION_MAP setting).  If multiple search queries need to be supported use of \"LDAPUnion\" is possible. See the documentation for details.","description_kind":"plain","computed":true},"auth_ldap_2_bind_dn":{"type":"string","description":"DN (Distinguished Name) of user to bind for all search queries. This is the system user account we will use to login to query LDAP for other user information. Refer to the documentation for example syntax.","description_kind":"plain","computed":true},"auth_ldap_2_bind_password":{"type":"string","description":"Password used to bind LDAP user account.","description_kind":"plain","computed":true,"sensitive":true},"auth_ldap_2_connection_options":{"type":"string","description":"Additional options to set for the LDAP connection.  LDAP referrals are disabled by default (to prevent certain LDAP queries from hanging with AD). Option names should be strings (e.g. \"OPT_REFERRALS\"). Refer to https://www.python-ldap.org/doc/html/ldap.html#options for possible options and values that can be set.","description_kind":"plain","computed":true},"auth_ldap_2_deny_group":{"type":"string","description":"Group DN denied from login. If specified, user will not be allowed to login if a member of this group.  Only one deny group is supported.","description_kind":"plain","computed":true},"auth_ldap_2_group_search":{"type":["list","string"],"description":"Users are mapped to organizations based on their membership in LDAP groups. This setting defines the LDAP search query to find groups. Unlike the user search, group search does not support LDAPSearchUnion.","description_kind":"plain","computed":true},"auth_ldap_2_group_type":{"type":"string","description":"The group type may need to be changed based on the type of the LDAP server.  Values are listed at: https://django-auth-ldap.readthedocs.io/en/stable/groups.html#types-of-groups","description_kind":"plain","computed":true},"auth_ldap_2_group_type_params":{"type":"string","description":"Key value parameters to send the chosen group type init method.","description_kind":"plain","computed":true},"auth_ldap_2_organization_map":{"type":"string","description":"Mapping between organization admins/users and LDAP groups. This controls which users are placed into which organizations relative to their LDAP group memberships. Configuration details are available in the documentation.","description_kind":"plain","computed":true},"auth_ldap_2_require_group":{"type":"string","description":"Group DN required to login. If specified, user must be a member of this group to login via LDAP. If not set, everyone in LDAP that matches the user search will be able to login to the service. Only one require group is supported.","description_kind":"plain","computed":true},"auth_ldap_2_server_uri":{"type":"string","description":"URI to connect to LDAP server, such as \"ldap://ldap.example.com:389\" (non-SSL) or \"ldaps://ldap.example.com:636\" (SSL). Multiple LDAP servers may be specified by separating with spaces or commas. LDAP authentication is disabled if this parameter is empty.","description_kind":"plain","computed":true},"auth_ldap_2_start_tls":{"type":"bool","description":"Whether to enable TLS when the LDAP connection is not using SSL.","description_kind":"plain","computed":true},"auth_ldap_2_team_map":{"type":"string","description":"Mapping between team members (users) and LDAP groups. Configuration details are available in the documentation.","description_kind":"plain","computed":true},"auth_ldap_2_user_attr_map":{"type":"string","description":"Mapping of LDAP user schema to API user attributes. The default setting is valid for ActiveDirectory but users with other LDAP configurations may need to change the values. Refer to the documentation for additional details.","description_kind":"plain","computed":true},"auth_ldap_2_user_dn_template":{"type":"string","description":"Alternative to user search, if user DNs are all of the same format. This approach is more efficient for user lookups than searching if it is usable in your organizational environment. If this setting has a value it will be used instead of AUTH_LDAP_USER_SEARCH.","description_kind":"plain","computed":true},"auth_ldap_2_user_flags_by_group":{"type":"string","description":"Retrieve users from a given group. At this time, superuser and system auditors are the only groups supported. Refer to the documentation for more detail.","description_kind":"plain","computed":true},"auth_ldap_2_user_search":{"type":["list","string"],"description":"LDAP search query to find users.  Any user that matches the given pattern will be able to login to the service.  The user should also be mapped into an organization (as defined in the AUTH_LDAP_ORGANIZATION_MAP setting).  If multiple search queries need to be supported use of \"LDAPUnion\" is possible. See the documentation for details.","description_kind":"plain","computed":true},"auth_ldap_3_bind_dn":{"type":"string","description":"DN (Distinguished Name) of user to bind for all search queries. This is the system user account we will use to login to query LDAP for other user information. Refer to the documentation for example syntax.","description_kind":"plain","computed":true},"auth_ldap_3_bind_password":{"type":"string","description":"Password used to bind LDAP user account.","description_kind":"plain","computed":true,"sensitive":true},"auth_ldap_3_connection_options":{"type":"string","description":"Additional options to set for the LDAP connection.  LDAP referrals are disabled by default (to prevent certain LDAP queries from hanging with AD). Option names should be strings (e.g. \"OPT_REFERRALS\"). Refer to https://www.python-ldap.org/doc/html/ldap.html#options for possible options and values that can be set.","description_kind":"plain","computed":true},"auth_ldap_3_deny_group":{"type":"string","description":"Group DN denied from login. If specified, user will not be allowed to login if a member of this group.  Only one deny group is supported.","description_kind":"plain","computed":true},"auth_ldap_3_group_search":{"type":["list","string"],"description":"Users are mapped to organizations based on their membership in LDAP groups. This setting defines the LDAP search query to find groups. Unlike the user search, group search does not support LDAPSearchUnion.","description_kind":"plain","computed":true},"auth_ldap_3_group_type":{"type":"string","description":"The group type may need to be changed based on the type of the LDAP server.  Values are listed at: https://django-auth-ldap.readthedocs.io/en/stable/groups.html#types-of-groups","description_kind":"plain","computed":true},"auth_ldap_3_group_type_params":{"type":"string","description":"Key value parameters to send the chosen group type init method.","description_kind":"plain","computed":true},"auth_ldap_3_organization_map":{"type":"string","description":"Mapping between organization admins/users and LDAP groups. This controls which users are placed into which organizations relative to their LDAP group memberships. Configuration details are available in the documentation.","description_kind":"plain","computed":true},"auth_ldap_3_require_group":{"type":"string","description":"Group DN required to login. If specified, user must be a member of this group to login via LDAP. If not set, everyone in LDAP that matches the user search will be able to login to the service. Only one require group is supported.","description_kind":"plain","computed":true},"auth_ldap_3_server_uri":{"type":"string","description":"URI to connect to LDAP server, such as \"ldap://ldap.example.com:389\" (non-SSL) or \"ldaps://ldap.example.com:636\" (SSL). Multiple LDAP servers may be specified by separating with spaces or commas. LDAP authentication is disabled if this parameter is empty.","description_kind":"plain","computed":true},"auth_ldap_3_start_tls":{"type":"bool","description":"Whether to enable TLS when the LDAP connection is not using SSL.","description_kind":"plain","computed":true},"auth_ldap_3_team_map":{"type":"string","description":"Mapping between team members (users) and LDAP groups. Configuration details are available in the documentation.","description_kind":"plain","computed":true},"auth_ldap_3_user_attr_map":{"type":"string","description":"Mapping of LDAP user schema to API user attributes. The default setting is valid for ActiveDirectory but users with other LDAP configurations may need to change the values. Refer to the documentation for additional details.","description_kind":"plain","computed":true},"auth_ldap_3_user_dn_template":{"type":"string","description":"Alternative to user search, if user DNs are all of the same format. This approach is more efficient for user lookups than searching if it is usable in your organizational environment. If this setting has a value it will be used instead of AUTH_LDAP_USER_SEARCH.","description_kind":"plain","computed":true},"auth_ldap_3_user_flags_by_group":{"type":"string","description":"Retrieve users from a given group. At this time, superuser and system auditors are the only groups supported. Refer to the documentation for more detail.","description_kind":"plain","computed":true},"auth_ldap_3_user_search":{"type":["list","string"],"description":"LDAP search query to find users.  Any user that matches the given pattern will be able to login to the service.  The user should also be mapped into an organization (as defined in the AUTH_LDAP_ORGANIZATION_MAP setting).  If multiple search queries need to be supported use of \"LDAPUnion\" is possible. See the documentation for details.","description_kind":"plain","computed":true},"auth_ldap_4_bind_dn":{"type":"string","description":"DN (Distinguished Name) of user to bind for all search queries. This is the system user account we will use to login to query LDAP for other user information. Refer to the documentation for example syntax.","description_kind":"plain","computed":true},"auth_ldap_4_bind_password":{"type":"string","description":"Password used to bind LDAP user account.","description_kind":"plain","computed":true,"sensitive":true},"auth_ldap_4_connection_options":{"type":"string","description":"Additional options to set for the LDAP connection.  LDAP referrals are disabled by default (to prevent certain LDAP queries from hanging with AD). Option names should be strings (e.g. \"OPT_REFERRALS\"). Refer to https://www.python-ldap.org/doc/html/ldap.html#options for possible options and values that can be set.","description_kind":"plain","computed":true},"auth_ldap_4_deny_group":{"type":"string","description":"Group DN denied from login. If specified, user will not be allowed to login if a member of this group.  Only one deny group is supported.","description_kind":"plain","computed":true},"auth_ldap_4_group_search":{"type":["list","string"],"description":"Users are mapped to organizations based on their membership in LDAP groups. This setting defines the LDAP search query to find groups. Unlike the user search, group search does not support LDAPSearchUnion.","description_kind":"plain","computed":true},"auth_ldap_4_group_type":{"type":"string","description":"The group type may need to be changed based on the type of the LDAP server.  Values are listed at: https://django-auth-ldap.readthedocs.io/en/stable/groups.html#types-of-groups","description_kind":"plain","computed":true},"auth_ldap_4_group_type_params":{"type":"string","description":"Key value parameters to send the chosen group type init method.","description_kind":"plain","computed":true},"auth_ldap_4_organization_map":{"type":"string","description":"Mapping between organization admins/users and LDAP groups. This controls which users are placed into which organizations relative to their LDAP group memberships. Configuration details are available in the documentation.","description_kind":"plain","computed":true},"auth_ldap_4_require_group":{"type":"string","description":"Group DN required to login. If specified, user must be a member of this group to login via LDAP. If not set, everyone in LDAP that matches the user search will be able to login to the service. Only one require group is supported.","description_kind":"plain","computed":true},"auth_ldap_4_server_uri":{"type":"string","description":"URI to connect to LDAP server, such as \"ldap://ldap.example.com:389\" (non-SSL) or \"ldaps://ldap.example.com:636\" (SSL). Multiple LDAP servers may be specified by separating with spaces or commas. LDAP authentication is disabled if this parameter is empty.","description_kind":"plain","computed":true},"auth_ldap_4_start_tls":{"type":"bool","description":"Whether to enable TLS when the LDAP connection is not using SSL.","description_kind":"plain","computed":true},"auth_ldap_4_team_map":{"type":"string","description":"Mapping between team members (users) and LDAP groups. Configuration details are available in the documentation.","description_kind":"plain","computed":true},"auth_ldap_4_user_attr_map":{"type":"string","description":"Mapping of LDAP user schema to API user attributes. The default setting is valid for ActiveDirectory but users with other LDAP configurations may need to change the values. Refer to the documentation for additional details.","description_kind":"plain","computed":true},"auth_ldap_4_user_dn_template":{"type":"string","description":"Alternative to user search, if user DNs are all of the same format. This approach is more efficient for user lookups than searching if it is usable in your organizational environment. If this setting has a value it will be used instead of AUTH_LDAP_USER_SEARCH.","description_kind":"plain","computed":true},"auth_ldap_4_user_flags_by_group":{"type":"string","description":"Retrieve users from a given group. At this time, superuser and system auditors are the only groups supported. Refer to the documentation for more detail.","description_kind":"plain","computed":true},"auth_ldap_4_user_search":{"type":["list","string"],"description":"LDAP search query to find users.  Any user that matches the given pattern will be able to login to the service.  The user should also be mapped into an organization (as defined in the AUTH_LDAP_ORGANIZATION_MAP setting).  If multiple search queries need to be supported use of \"LDAPUnion\" is possible. See the documentation for details.","description_kind":"plain","computed":true},"auth_ldap_5_bind_dn":{"type":"string","description":"DN (Distinguished Name) of user to bind for all search queries. This is the system user account we will use to login to query LDAP for other user information. Refer to the documentation for example syntax.","description_kind":"plain","computed":true},"auth_ldap_5_bind_password":{"type":"string","description":"Password used to bind LDAP user account.","description_kind":"plain","computed":true,"sensitive":true},"auth_ldap_5_connection_options":{"type":"string","description":"Additional options to set for the LDAP connection.  LDAP referrals are disabled by default (to prevent certain LDAP queries from hanging with AD). Option names should be strings (e.g. \"OPT_REFERRALS\"). Refer to https://www.python-ldap.org/doc/html/ldap.html#options for possible options and values that can be set.","description_kind":"plain","computed":true},"auth_ldap_5_deny_group":{"type":"string","description":"Group DN denied from login. If specified, user will not be allowed to login if a member of this group.  Only one deny group is supported.","description_kind":"plain","computed":true},"auth_ldap_5_group_search":{"type":["list","string"],"description":"Users are mapped to organizations based on their membership in LDAP groups. This setting defines the LDAP search query to find groups. Unlike the user search, group search does not support LDAPSearchUnion.","description_kind":"plain","computed":true},"auth_ldap_5_group_type":{"type":"string","description":"The group type may need to be changed based on the type of the LDAP server.  Values are listed at: https://django-auth-ldap.readthedocs.io/en/stable/groups.html#types-of-groups","description_kind":"plain","computed":true},"auth_ldap_5_group_type_params":{"type":"string","description":"Key value parameters to send the chosen group type init method.","description_kind":"plain","computed":true},"auth_ldap_5_organization_map":{"type":"string","description":"Mapping between organization admins/users and LDAP groups. This controls which users are placed into which organizations relative to their LDAP group memberships. Configuration details are available in the documentation.","description_kind":"plain","computed":true},"auth_ldap_5_require_group":{"type":"string","description":"Group DN required to login. If specified, user must be a member of this group to login via LDAP. If not set, everyone in LDAP that matches the user search will be able to login to the service. Only one require group is supported.","description_kind":"plain","computed":true},"auth_ldap_5_server_uri":{"type":"string","description":"URI to connect to LDAP server, such as \"ldap://ldap.example.com:389\" (non-SSL) or \"ldaps://ldap.example.com:636\" (SSL). Multiple LDAP servers may be specified by separating with spaces or commas. LDAP authentication is disabled if this parameter is empty.","description_kind":"plain","computed":true},"auth_ldap_5_start_tls":{"type":"bool","description":"Whether to enable TLS when the LDAP connection is not using SSL.","description_kind":"plain","computed":true},"auth_ldap_5_team_map":{"type":"string","description":"Mapping between team members (users) and LDAP groups. Configuration details are available in the documentation.","description_kind":"plain","computed":true},"auth_ldap_5_user_attr_map":{"type":"string","description":"Mapping of LDAP user schema to API user attributes. The default setting is valid for ActiveDirectory but users with other LDAP configurations may need to change the values. Refer to the documentation for additional details.","description_kind":"plain","computed":true},"auth_ldap_5_user_dn_template":{"type":"string","description":"Alternative to user search, if user DNs are all of the same format. This approach is more efficient for user lookups than searching if it is usable in your organizational environment. If this setting has a value it will be used instead of AUTH_LDAP_USER_SEARCH.","description_kind":"plain","computed":true},"auth_ldap_5_user_flags_by_group":{"type":"string","description":"Retrieve users from a given group. At this time, superuser and system auditors are the only groups supported. Refer to the documentation for more detail.","description_kind":"plain","computed":true},"auth_ldap_5_user_search":{"type":["list","string"],"description":"LDAP search query to find users.  Any user that matches the given pattern will be able to login to the service.  The user should also be mapped into an organization (as defined in the AUTH_LDAP_ORGANIZATION_MAP setting).  If multiple search queries need to be supported use of \"LDAPUnion\" is possible. See the documentation for details.","description_kind":"plain","computed":true},"auth_ldap_bind_dn":{"type":"string","description":"DN (Distinguished Name) of user to bind for all search queries. This is the system user account we will use to login to query LDAP for other user information. Refer to the documentation for example syntax.","description_kind":"plain","computed":true},"auth_ldap_bind_password":{"type":"string","description":"Password used to bind LDAP user account.","description_kind":"plain","computed":true,"sensitive":true},"auth_ldap_connection_options":{"type":"string","description":"Additional options to set for the LDAP connection.  LDAP referrals are disabled by default (to prevent certain LDAP queries from hanging with AD). Option names should be strings (e.g. \"OPT_REFERRALS\"). Refer to https://www.python-ldap.org/doc/html/ldap.html#options for possible options and values that can be set.","description_kind":"plain","computed":true},"auth_ldap_deny_group":{"type":"string","description":"Group DN denied from login. If specified, user will not be allowed to login if a member of this group.  Only one deny group is supported.","description_kind":"plain","computed":true},"auth_ldap_group_search":{"type":["list","string"],"description":"Users are mapped to organizations based on their membership in LDAP groups. This setting defines the LDAP search query to find groups. Unlike the user search, group search does not support LDAPSearchUnion.","description_kind":"plain","computed":true},"auth_ldap_group_type":{"type":"string","description":"The group type may need to be changed based on the type of the LDAP server.  Values are listed at: https://django-auth-ldap.readthedocs.io/en/stable/groups.html#types-of-groups","description_kind":"plain","computed":true},"auth_ldap_group_type_params":{"type":"string","description":"Key value parameters to send the chosen group type init method.","description_kind":"plain","computed":true},"auth_ldap_organization_map":{"type":"string","description":"Mapping between organization admins/users and LDAP groups. This controls which users are placed into which organizations relative to their LDAP group memberships. Configuration details are available in the documentation.","description_kind":"plain","computed":true},"auth_ldap_require_group":{"type":"string","description":"Group DN required to login. If specified, user must be a member of this group to login via LDAP. If not set, everyone in LDAP that matches the user search will be able to login to the service. Only one require group is supported.","description_kind":"plain","computed":true},"auth_ldap_server_uri":{"type":"string","description":"URI to connect to LDAP server, such as \"ldap://ldap.example.com:389\" (non-SSL) or \"ldaps://ldap.example.com:636\" (SSL). Multiple LDAP servers may be specified by separating with spaces or commas. LDAP authentication is disabled if this parameter is empty.","description_kind":"plain","computed":true},"auth_ldap_start_tls":{"type":"bool","description":"Whether to enable TLS when the LDAP connection is not using SSL.","description_kind":"plain","computed":true},"auth_ldap_team_map":{"type":"string","description":"Mapping between team members (users) and LDAP groups. Configuration details are available in the documentation.","description_kind":"plain","computed":true},"auth_ldap_user_attr_map":{"type":"string","description":"Mapping of LDAP user schema to API user attributes. The default setting is valid for ActiveDirectory but users with other LDAP configurations may need to change the values. Refer to the documentation for additional details.","description_kind":"plain","computed":true},"auth_ldap_user_dn_template":{"type":"string","description":"Alternative to user search, if user DNs are all of the same format. This approach is more efficient for user lookups than searching if it is usable in your organizational environment. If this setting has a value it will be used instead of AUTH_LDAP_USER_SEARCH.","description_kind":"plain","computed":true},"auth_ldap_user_flags_by_group":{"type":"string","description":"Retrieve users from a given group. At this time, superuser and system auditors are the only groups supported. Refer to the documentation for more detail.","description_kind":"plain","computed":true},"auth_ldap_user_search":{"type":["list","string"],"description":"LDAP search query to find users.  Any user that matches the given pattern will be able to login to the service.  The user should also be mapped into an organization (as defined in the AUTH_LDAP_ORGANIZATION_MAP setting).  If multiple search queries need to be supported use of \"LDAPUnion\" is possible. See the documentation for details.","description_kind":"plain","computed":true}},"description_kind":"plain"}},"awx_settings_auth_saml":{"version":0,"block":{"attributes":{"saml_auto_create_objects":{"type":"bool","description":"When enabled (the default), mapped Organizations and Teams will be created automatically on successful SAML login.","description_kind":"plain","computed":true},"social_auth_saml_callback_url":{"type":"string","description":"Register the service as a service provider (SP) with each identity provider (IdP) you have configured. Provide your SP Entity ID and this ACS URL for your application.","description_kind":"plain","computed":true},"social_auth_saml_enabled_idps":{"type":"string","description":"Configure the Entity ID, SSO URL and certificate for each identity provider (IdP) in use. Multiple SAML IdPs are supported. Some IdPs may provide user data using attribute names that differ from the default OIDs. Attribute names may be overridden for each IdP. Refer to the Ansible documentation for additional details and syntax.","description_kind":"plain","computed":true},"social_auth_saml_extra_data":{"type":["list","string"],"description":"A list of tuples that maps IDP attributes to extra_attributes. Each attribute will be a list of values, even if only 1 value.","description_kind":"plain","computed":true},"social_auth_saml_metadata_url":{"type":"string","description":"If your identity provider (IdP) allows uploading an XML metadata file, you can download one from this URL.","description_kind":"plain","computed":true},"social_auth_saml_org_info":{"type":"string","description":"Provide the URL, display name, and the name of your app. Refer to the documentation for example syntax.","description_kind":"plain","computed":true},"social_auth_saml_organization_attr":{"type":"string","description":"Used to translate user organization membership.","description_kind":"plain","computed":true},"social_auth_saml_organization_map":{"type":"string","description":"Mapping to organization admins/users from social auth accounts. This setting\ncontrols which users are placed into which organizations based on their\nusername and email address. Configuration details are available in the\ndocumentation.","description_kind":"plain","computed":true},"social_auth_saml_security_config":{"type":"string","description":"A dict of key value pairs that are passed to the underlying python-saml security setting https://github.com/onelogin/python-saml#settings","description_kind":"plain","computed":true},"social_auth_saml_sp_entity_id":{"type":"string","description":"The application-defined unique identifier used as the audience of the SAML service provider (SP) configuration. This is usually the URL for the service.","description_kind":"plain","computed":true},"social_auth_saml_sp_extra":{"type":"string","description":"A dict of key value pairs to be passed to the underlying python-saml Service Provider configuration setting.","description_kind":"plain","computed":true},"social_auth_saml_sp_private_key":{"type":"string","description":"Create a keypair to use as a service provider (SP) and include the private key content here.","description_kind":"plain","computed":true,"sensitive":true},"social_auth_saml_sp_public_cert":{"type":"string","description":"Create a keypair to use as a service provider (SP) and include the certificate content here.","description_kind":"plain","computed":true},"social_auth_saml_support_contact":{"type":"string","description":"Provide the name and email address of the support contact for your service provider. Refer to the documentation for example syntax.","description_kind":"plain","computed":true},"social_auth_saml_team_attr":{"type":"string","description":"Used to translate user team membership.","description_kind":"plain","computed":true},"social_auth_saml_team_map":{"type":"string","description":"Mapping of team members (users) from social auth accounts. Configuration\ndetails are available in the documentation.","description_kind":"plain","computed":true},"social_auth_saml_technical_contact":{"type":"string","description":"Provide the name and email address of the technical contact for your service provider. Refer to the documentation for example syntax.","description_kind":"plain","computed":true},"social_auth_saml_user_flags_by_attr":{"type":"string","description":"Used to map super users and system auditors from SAML.","description_kind":"plain","computed":true}},"description_kind":"plain"}},"awx_settings_jobs":{"version":0,"block":{"attributes":{"ad_hoc_commands":{"type":["list","string"],"description":"List of modules allowed to be used by ad-hoc jobs.","description_kind":"plain","computed":true},"allow_jinja_in_extra_vars":{"type":"string","description":"Ansible allows variable substitution via the Jinja2 templating language for --extra-vars. This poses a potential security risk where users with the ability to specify extra vars at job launch time can use Jinja2 templates to run arbitrary Python.  It is recommended that this value be set to \"template\" or \"never\".","description_kind":"plain","computed":true},"ansible_fact_cache_timeout":{"type":"number","description":"Maximum time, in seconds, that stored Ansible facts are considered valid since the last time they were modified. Only valid, non-stale, facts will be accessible by a playbook. Note, this does not influence the deletion of ansible_facts from the database. Use a value of 0 to indicate that no timeout should be imposed.","description_kind":"plain","computed":true},"awx_ansible_callback_plugins":{"type":["list","string"],"description":"List of paths to search for extra callback plugins to be used when running jobs. Enter one path per line.","description_kind":"plain","computed":true},"awx_collections_enabled":{"type":"bool","description":"Allows collections to be dynamically downloaded from a requirements.yml file for SCM projects.","description_kind":"plain","computed":true},"awx_isolation_base_path":{"type":"string","description":"The directory in which the service will create new temporary directories for job execution and isolation (such as credential files).","description_kind":"plain","computed":true},"awx_isolation_show_paths":{"type":["list","string"],"description":"List of paths that would otherwise be hidden to expose to isolated jobs. Enter one path per line. Volumes will be mounted from the execution node to the container. The supported format is HOST-DIR[:CONTAINER-DIR[:OPTIONS]]. ","description_kind":"plain","computed":true},"awx_mount_isolated_paths_on_k8s":{"type":"bool","description":"Expose paths via hostPath for the Pods created by a Container Group. HostPath volumes present many security risks, and it is a best practice to avoid the use of HostPaths when possible. ","description_kind":"plain","computed":true},"awx_roles_enabled":{"type":"bool","description":"Allows roles to be dynamically downloaded from a requirements.yml file for SCM projects.","description_kind":"plain","computed":true},"awx_runner_keepalive_seconds":{"type":"number","description":"Only applies to jobs running in a Container Group. If not 0, send a message every so-many seconds to keep connection open.","description_kind":"plain","computed":true},"awx_show_playbook_links":{"type":"bool","description":"Follow symbolic links when scanning for playbooks. Be aware that setting this to True can lead to infinite recursion if a link points to a parent directory of itself.","description_kind":"plain","computed":true},"awx_task_env":{"type":"string","description":"Additional environment variables set for playbook runs, inventory updates, project updates, and notification sending.","description_kind":"plain","computed":true},"default_container_run_options":{"type":["list","string"],"description":"List of options to pass to podman run example: ['--network', 'slirp4netns:enable_ipv6=true', '--log-level', 'debug']","description_kind":"plain","computed":true},"default_inventory_update_timeout":{"type":"number","description":"Maximum time in seconds to allow inventory updates to run. Use value of 0 to indicate that no timeout should be imposed. A timeout set on an individual inventory source will override this.","description_kind":"plain","computed":true},"default_job_idle_timeout":{"type":"number","description":"If no output is detected from ansible in this number of seconds the execution will be terminated. Use value of 0 to indicate that no idle timeout should be imposed.","description_kind":"plain","computed":true},"default_job_timeout":{"type":"number","description":"Maximum time in seconds to allow jobs to run. Use value of 0 to indicate that no timeout should be imposed. A timeout set on an individual job template will override this.","description_kind":"plain","computed":true},"default_project_update_timeout":{"type":"number","description":"Maximum time in seconds to allow project updates to run. Use value of 0 to indicate that no timeout should be imposed. A timeout set on an individual project will override this.","description_kind":"plain","computed":true},"event_stdout_max_bytes_display":{"type":"number","description":"Maximum Size of Standard Output in bytes to display for a single job or ad hoc command event. `stdout` will end with `…` when truncated.","description_kind":"plain","computed":true},"galaxy_ignore_certs":{"type":"bool","description":"If set to true, certificate validation will not be done when installing content from any Galaxy server.","description_kind":"plain","computed":true},"galaxy_task_env":{"type":"string","description":"Additional environment variables set for invocations of ansible-galaxy within project updates. Useful if you must use a proxy server for ansible-galaxy but not git.","description_kind":"plain","computed":true},"max_forks":{"type":"number","description":"Saving a Job Template with more than this number of forks will result in an error. When set to 0, no limit is applied.","description_kind":"plain","computed":true},"max_websocket_event_rate":{"type":"number","description":"Maximum number of messages to update the UI live job output with per second. Value of 0 means no limit.","description_kind":"plain","computed":true},"project_update_vvv":{"type":"bool","description":"Adds the CLI -vvv flag to ansible-playbook runs of project_update.yml used for project updates.","description_kind":"plain","computed":true},"schedule_max_jobs":{"type":"number","description":"Maximum number of the same job template that can be waiting to run when launching from a schedule before no more are created.","description_kind":"plain","computed":true},"stdout_max_bytes_display":{"type":"number","description":"Maximum Size of Standard Output in bytes to display before requiring the output be downloaded.","description_kind":"plain","computed":true}},"description_kind":"plain"}},"awx_settings_misc_authentication":{"version":0,"block":{"attributes":{"allow_metrics_for_anonymous_users":{"type":"bool","description":"If true, anonymous users are allowed to poll metrics.","description_kind":"plain","computed":true},"allow_oauth2_for_external_users":{"type":"bool","description":"For security reasons, users from external auth providers (LDAP, SAML, SSO, Radius, and others) are not allowed to create OAuth2 tokens. To change this behavior, enable this setting. Existing tokens will not be deleted when this setting is toggled off.","description_kind":"plain","computed":true},"auth_basic_enabled":{"type":"bool","description":"Enable HTTP Basic Auth for the API Browser.","description_kind":"plain","computed":true},"authentication_backends":{"type":["list","string"],"description":"List of authentication backends that are enabled based on license features and other authentication settings.","description_kind":"plain","computed":true},"disable_local_auth":{"type":"bool","description":"Controls whether users are prevented from using the built-in authentication system. You probably want to do this if you are using an LDAP or SAML integration.","description_kind":"plain","computed":true},"local_password_min_digits":{"type":"number","description":"Minimum number of digit characters required in a local password. 0 means no minimum","description_kind":"plain","computed":true},"local_password_min_length":{"type":"number","description":"Minimum number of characters required in a local password. 0 means no minimum","description_kind":"plain","computed":true},"local_password_min_special":{"type":"number","description":"Minimum number of special characters required in a local password. 0 means no minimum","description_kind":"plain","computed":true},"local_password_min_upper":{"type":"number","description":"Minimum number of uppercase characters required in a local password. 0 means no minimum","description_kind":"plain","computed":true},"login_redirect_override":{"type":"string","description":"URL to which unauthorized users will be redirected to log in.  If blank, users will be sent to the login page.","description_kind":"plain","computed":true},"oauth2_provider":{"type":"string","description":"Dictionary for customizing OAuth 2 timeouts, available items are `ACCESS_TOKEN_EXPIRE_SECONDS`, the duration of access tokens in the number of seconds, `AUTHORIZATION_CODE_EXPIRE_SECONDS`, the duration of authorization codes in the number of seconds, and `REFRESH_TOKEN_EXPIRE_SECONDS`, the duration of refresh tokens, after expired access tokens, in the number of seconds.","description_kind":"plain","computed":true},"session_cookie_age":{"type":"number","description":"Number of seconds that a user is inactive before they will need to login again.","description_kind":"plain","computed":true},"sessions_per_user":{"type":"number","description":"Maximum number of simultaneous logged in sessions a user may have. To disable enter -1.","description_kind":"plain","computed":true},"social_auth_organization_map":{"type":"string","description":"Mapping to organization admins/users from social auth accounts. This setting\ncontrols which users are placed into which organizations based on their\nusername and email address. Configuration details are available in the\ndocumentation.","description_kind":"plain","computed":true},"social_auth_team_map":{"type":"string","description":"Mapping of team members (users) from social auth accounts. Configuration\ndetails are available in the documentation.","description_kind":"plain","computed":true},"social_auth_user_fields":{"type":["list","string"],"description":"When set to an empty list `[]`, this setting prevents new user accounts from being created. Only users who have previously logged in using social auth or have a user account with a matching email address will be able to login.","description_kind":"plain","computed":true},"social_auth_username_is_full_email":{"type":"bool","description":"Enabling this setting will tell social auth to use the full Email as username instead of the full name","description_kind":"plain","computed":true}},"description_kind":"plain"}},"awx_settings_misc_logging":{"version":0,"block":{"attributes":{"api_400_error_log_format":{"type":"string","description":"The format of logged messages when an API 4XX error occurs, the following variables will be substituted: \nstatus_code - The HTTP status code of the error\nuser_name - The user name attempting to use the API\nurl_path - The URL path to the API endpoint called\nremote_addr - The remote address seen for the user\nerror - The error set by the api endpoint\nVariables need to be in the format {\u003cvariable name\u003e}.","description_kind":"plain","computed":true},"log_aggregator_action_max_disk_usage_gb":{"type":"number","description":"Amount of data to store (in gigabytes) if an rsyslog action takes time to process an incoming message (defaults to 1). Equivalent to the rsyslogd queue.maxdiskspace setting on the action (e.g. omhttp). It stores files in the directory specified by LOG_AGGREGATOR_MAX_DISK_USAGE_PATH.","description_kind":"plain","computed":true},"log_aggregator_action_queue_size":{"type":"number","description":"Defines how large the rsyslog action queue can grow in number of messages stored. This can have an impact on memory utilization. When the queue reaches 75% of this number, the queue will start writing to disk (queue.highWatermark in rsyslog). When it reaches 90%, NOTICE, INFO, and DEBUG messages will start to be discarded (queue.discardMark with queue.discardSeverity=5).","description_kind":"plain","computed":true},"log_aggregator_enabled":{"type":"bool","description":"Enable sending logs to external log aggregator.","description_kind":"plain","computed":true},"log_aggregator_host":{"type":"string","description":"Hostname/IP where external logs will be sent to.","description_kind":"plain","computed":true},"log_aggregator_individual_facts":{"type":"bool","description":"If set, system tracking facts will be sent for each package, service, or other item found in a scan, allowing for greater search query granularity. If unset, facts will be sent as a single dictionary, allowing for greater efficiency in fact processing.","description_kind":"plain","computed":true},"log_aggregator_level":{"type":"string","description":"Level threshold used by log handler. Severities from lowest to highest are DEBUG, INFO, WARNING, ERROR, CRITICAL. Messages less severe than the threshold will be ignored by log handler. (messages under category awx.anlytics ignore this setting)","description_kind":"plain","computed":true},"log_aggregator_loggers":{"type":["list","string"],"description":"List of loggers that will send HTTP logs to the collector, these can include any or all of: \nawx - service logs\nactivity_stream - activity stream records\njob_events - callback data from Ansible job events\nsystem_tracking - facts gathered from scan jobs\nbroadcast_websocket - errors pertaining to websockets broadcast metrics\n","description_kind":"plain","computed":true},"log_aggregator_max_disk_usage_path":{"type":"string","description":"Location to persist logs that should be retried after an outage of the external log aggregator (defaults to /var/lib/awx). Equivalent to the rsyslogd queue.spoolDirectory setting.","description_kind":"plain","computed":true},"log_aggregator_password":{"type":"string","description":"Password or authentication token for external log aggregator (if required; HTTP/s only).","description_kind":"plain","computed":true},"log_aggregator_port":{"type":"number","description":"Port on Logging Aggregator to send logs to (if required and not provided in Logging Aggregator).","description_kind":"plain","computed":true},"log_aggregator_protocol":{"type":"string","description":"Protocol used to communicate with log aggregator.  HTTPS/HTTP assumes HTTPS unless http:// is explicitly used in the Logging Aggregator hostname.","description_kind":"plain","computed":true},"log_aggregator_rsyslogd_debug":{"type":"bool","description":"Enabled high verbosity debugging for rsyslogd.  Useful for debugging connection issues for external log aggregation.","description_kind":"plain","computed":true},"log_aggregator_tcp_timeout":{"type":"number","description":"Number of seconds for a TCP connection to external log aggregator to timeout. Applies to HTTPS and TCP log aggregator protocols.","description_kind":"plain","computed":true},"log_aggregator_tower_uuid":{"type":"string","description":"Useful to uniquely identify instances.","description_kind":"plain","computed":true},"log_aggregator_type":{"type":"string","description":"Format messages for the chosen log aggregator.","description_kind":"plain","computed":true},"log_aggregator_username":{"type":"string","description":"Username for external log aggregator (if required; HTTP/s only).","description_kind":"plain","computed":true},"log_aggregator_verify_cert":{"type":"bool","description":"Flag to control enable/disable of certificate verification when LOG_AGGREGATOR_PROTOCOL is \"https\". If enabled, the log handler will verify certificate sent by external log aggregator before establishing connection.","description_kind":"plain","computed":true}},"description_kind":"plain"}},"awx_settings_misc_system":{"version":0,"block":{"attributes":{"activity_stream_enabled":{"type":"bool","description":"Enable capturing activity for the activity stream.","description_kind":"plain","computed":true},"activity_stream_enabled_for_inventory_sync":{"type":"bool","description":"Enable capturing activity for the activity stream when running inventory sync.","description_kind":"plain","computed":true},"automation_analytics_gather_interval":{"type":"number","description":"Interval (in seconds) between data gathering.","description_kind":"plain","computed":true},"automation_analytics_last_entries":{"type":"string","description":"Last gathered entries from the data collection service of Automation Analytics","description_kind":"plain","computed":true},"automation_analytics_last_gather":{"type":"string","description":"Last gather date for Automation Analytics.","description_kind":"plain","computed":true},"automation_analytics_url":{"type":"string","description":"This setting is used to to configure the upload URL for data collection for Automation Analytics.","description_kind":"plain","computed":true},"cleanup_host_metrics_last_ts":{"type":"string","description":"Last cleanup date for HostMetrics","description_kind":"plain","computed":true},"csrf_trusted_origins":{"type":["list","string"],"description":"If the service is behind a reverse proxy/load balancer, use this setting to configure the schema://addresses from which the service should trust Origin header values. ","description_kind":"plain","computed":true},"custom_venv_paths":{"type":["list","string"],"description":"Paths where Tower will look for custom virtual environments (in addition to /var/lib/awx/venv/). Enter one path per line.","description_kind":"plain","computed":true},"default_control_plane_queue_name":{"type":"string","description":"The instance group where control plane tasks run","description_kind":"plain","computed":true},"default_execution_environment":{"type":"number","description":"The Execution Environment to be used when one has not been configured for a job template.","description_kind":"plain","computed":true},"default_execution_queue_name":{"type":"string","description":"The instance group where user jobs run (currently only on non-VM installs)","description_kind":"plain","computed":true},"host_metric_summary_task_last_ts":{"type":"string","description":"Last computing date of HostMetricSummaryMonthly","description_kind":"plain","computed":true},"insights_tracking_state":{"type":"bool","description":"Enables the service to gather data on automation and send it to Automation Analytics.","description_kind":"plain","computed":true},"install_uuid":{"type":"string","description":"Unique identifier for an installation","description_kind":"plain","computed":true},"is_k8s":{"type":"bool","description":"Indicates whether the instance is part of a kubernetes-based deployment.","description_kind":"plain","computed":true},"license":{"type":"string","description":"The license controls which features and functionality are enabled. Use /api/v2/config/ to update or change the license.","description_kind":"plain","computed":true},"manage_organization_auth":{"type":"bool","description":"Controls whether any Organization Admin has the privileges to create and manage users and teams. You may want to disable this ability if you are using an LDAP or SAML integration.","description_kind":"plain","computed":true},"org_admins_can_see_all_users":{"type":"bool","description":"Controls whether any Organization Admin can view all users and teams, even those not associated with their Organization.","description_kind":"plain","computed":true},"proxy_ip_allowed_list":{"type":["list","string"],"description":"If the service is behind a reverse proxy/load balancer, use this setting to configure the proxy IP addresses from which the service should trust custom REMOTE_HOST_HEADERS header values. If this setting is an empty list (the default), the headers specified by REMOTE_HOST_HEADERS will be trusted unconditionally')","description_kind":"plain","computed":true},"redhat_password":{"type":"string","description":"This password is used to send data to Automation Analytics","description_kind":"plain","computed":true},"redhat_username":{"type":"string","description":"This username is used to send data to Automation Analytics","description_kind":"plain","computed":true},"remote_host_headers":{"type":["list","string"],"description":"HTTP headers and meta keys to search to determine remote host name or IP. Add additional items to this list, such as \"HTTP_X_FORWARDED_FOR\", if behind a reverse proxy. See the \"Proxy Support\" section of the AAP Installation guide for more details.","description_kind":"plain","computed":true},"subscription_usage_model":{"type":"string","description":"Defines subscription usage model and shows Host Metrics","description_kind":"plain","computed":true},"subscriptions_password":{"type":"string","description":"This password is used to retrieve subscription and content information","description_kind":"plain","computed":true},"subscriptions_username":{"type":"string","description":"This username is used to retrieve subscription and content information","description_kind":"plain","computed":true},"tower_url_base":{"type":"string","description":"This setting is used by services like notifications to render a valid url to the service.","description_kind":"plain","computed":true},"ui_next":{"type":"bool","description":"Enable preview of new user interface.","description_kind":"plain","computed":true}},"description_kind":"plain"}},"awx_settings_oidc":{"version":0,"block":{"attributes":{"social_auth_oidc_key":{"type":"string","description":"The OIDC key (Client ID) from your IDP.","description_kind":"plain","computed":true},"social_auth_oidc_oidc_endpoint":{"type":"string","description":"The URL for your OIDC provider including the path up to /.well-known/openid-configuration","description_kind":"plain","computed":true},"social_auth_oidc_secret":{"type":"string","description":"The OIDC secret (Client Secret) from your IDP.","description_kind":"plain","computed":true,"sensitive":true},"social_auth_oidc_verify_ssl":{"type":"bool","description":"Verify the OIDC provider ssl certificate.","description_kind":"plain","computed":true}},"description_kind":"plain"}},"awx_settings_ui":{"version":0,"block":{"attributes":{"custom_login_info":{"type":"string","description":"If needed, you can add specific information (such as a legal notice or a disclaimer) to a text box in the login modal using this setting. Any content added must be in plain text or an HTML fragment, as other markup languages are not supported.","description_kind":"plain","computed":true},"custom_logo":{"type":"string","description":"To set up a custom logo, provide a file that you create. For the custom logo to look its best, use a .png file with a transparent background. GIF, PNG and JPEG formats are supported.","description_kind":"plain","computed":true},"max_ui_job_events":{"type":"number","description":"Maximum number of job events for the UI to retrieve within a single request.","description_kind":"plain","computed":true},"pendo_tracking_state":{"type":"string","description":"Enable or Disable User Analytics Tracking.","description_kind":"plain","computed":true},"ui_live_updates_enabled":{"type":"bool","description":"If disabled, the page will not refresh when events are received. Reloading the page will be required to get the latest details.","description_kind":"plain","computed":true}},"description_kind":"plain"}},"awx_team":{"version":0,"block":{"attributes":{"description":{"type":"string","description":"Optional description of this team.","description_kind":"plain","computed":true},"id":{"type":"number","description":"Database ID for this team.","description_kind":"plain","optional":true,"computed":true},"name":{"type":"string","description":"Name of this team.","description_kind":"plain","optional":true,"computed":true},"organization":{"type":"number","description":"Organization","description_kind":"plain","computed":true}},"description_kind":"plain"}},"awx_team_object_roles":{"version":0,"block":{"attributes":{"id":{"type":"number","description":"Team ID","description_kind":"plain","required":true},"roles":{"type":["map","number"],"description":"Roles for team","description_kind":"plain","computed":true}},"description_kind":"plain","deprecated":true}},"awx_token":{"version":0,"block":{"attributes":{"application":{"type":"number","description":"Application","description_kind":"plain","computed":true},"description":{"type":"string","description":"Optional description of this access token.","description_kind":"plain","computed":true},"expires":{"type":"string","description":"Expires","description_kind":"plain","computed":true},"id":{"type":"number","description":"Database ID for this access token.","description_kind":"plain","optional":true,"computed":true},"refresh_token":{"type":"string","description":"Refresh token","description_kind":"plain","computed":true},"scope":{"type":"string","description":"Allowed scopes, further restricts user's permissions. Must be a simple space-separated string with allowed scopes ['read', 'write'].","description_kind":"plain","computed":true},"token":{"type":"string","description":"Token","description_kind":"plain","computed":true},"user":{"type":"number","description":"The user representing the token owner","description_kind":"plain","computed":true}},"description_kind":"plain"}},"awx_user":{"version":0,"block":{"attributes":{"email":{"type":"string","description":"Email address","description_kind":"plain","computed":true},"external_account":{"type":"string","description":"Set if the account is managed by an external service","description_kind":"plain","computed":true},"first_name":{"type":"string","description":"First name","description_kind":"plain","computed":true},"id":{"type":"number","description":"Database ID for this user.","description_kind":"plain","optional":true,"computed":true},"is_superuser":{"type":"bool","description":"Designates that this user has all permissions without explicitly assigning them.","description_kind":"plain","computed":true},"is_system_auditor":{"type":"bool","description":"Is system auditor","description_kind":"plain","computed":true},"last_login":{"type":"string","description":"Last login","description_kind":"plain","computed":true},"last_name":{"type":"string","description":"Last name","description_kind":"plain","computed":true},"ldap_dn":{"type":"string","description":"Ldap dn","description_kind":"plain","computed":true},"password":{"type":"string","description":"Field used to change the password.","description_kind":"plain","computed":true,"sensitive":true},"username":{"type":"string","description":"Required. 150 characters or fewer. Letters, digits and @/./+/-/_ only.","description_kind":"plain","optional":true,"computed":true}},"description_kind":"plain"}},"awx_workflow_job_template":{"version":0,"block":{"attributes":{"allow_simultaneous":{"type":"bool","description":"Allow simultaneous","description_kind":"plain","computed":true},"ask_inventory_on_launch":{"type":"bool","description":"Ask inventory on launch","description_kind":"plain","computed":true},"ask_labels_on_launch":{"type":"bool","description":"Ask labels on launch","description_kind":"plain","computed":true},"ask_limit_on_launch":{"type":"bool","description":"Ask limit on launch","description_kind":"plain","computed":true},"ask_scm_branch_on_launch":{"type":"bool","description":"Ask scm branch on launch","description_kind":"plain","computed":true},"ask_skip_tags_on_launch":{"type":"bool","description":"Ask skip tags on launch","description_kind":"plain","computed":true},"ask_tags_on_launch":{"type":"bool","description":"Ask tags on launch","description_kind":"plain","computed":true},"ask_variables_on_launch":{"type":"bool","description":"Ask variables on launch","description_kind":"plain","computed":true},"description":{"type":"string","description":"Optional description of this workflow job template.","description_kind":"plain","computed":true},"extra_vars":{"type":"string","description":"Extra vars","description_kind":"plain","computed":true},"id":{"type":"number","description":"Database ID for this workflow job template.","description_kind":"plain","optional":true,"computed":true},"inventory":{"type":"number","description":"Inventory applied as a prompt, assuming job template prompts for inventory","description_kind":"plain","computed":true},"job_tags":{"type":"string","description":"Job tags","description_kind":"plain","computed":true},"limit":{"type":"string","description":"Limit","description_kind":"plain","computed":true},"name":{"type":"string","description":"Name of this workflow job template.","description_kind":"plain","optional":true,"computed":true},"organization":{"type":"number","description":"The organization used to determine access to this template.","description_kind":"plain","computed":true},"scm_branch":{"type":"string","description":"Scm branch","description_kind":"plain","computed":true},"skip_tags":{"type":"string","description":"Skip tags","description_kind":"plain","computed":true},"survey_enabled":{"type":"bool","description":"Survey enabled","description_kind":"plain","computed":true},"webhook_credential":{"type":"number","description":"Personal Access Token for posting back the status to the service API","description_kind":"plain","computed":true},"webhook_service":{"type":"string","description":"Service that webhook requests will be accepted from","description_kind":"plain","computed":true}},"description_kind":"plain"}},"awx_workflow_job_template_object_roles":{"version":0,"block":{"attributes":{"id":{"type":"number","description":"WorkflowJobTemplate ID","description_kind":"plain","required":true},"roles":{"type":["map","number"],"description":"Roles for workflow_job_template","description_kind":"plain","computed":true}},"description_kind":"plain","deprecated":true}}}}}}
